// !$*UTF8*$!
{
	archiveVersion = 1;
	classes = {
	};
	objectVersion = 51;
	objects = {

/* Begin PBXBuildFile section */
		00D7CA3FA73545649B7CEC6D /* Todo+Schema.swift in Sources */ = {isa = PBXBuildFile; fileRef = 97DC2E0458644303824EB189 /* Todo+Schema.swift */; };
		0DE0471B95524A6FACA97A67 /* awsconfiguration.json in Resources */ = {isa = PBXBuildFile; fileRef = BD998236BEB14E849CDC9BA9 /* awsconfiguration.json */; };
		863546EBFC00427A84702C71 /* Todo.swift in Sources */ = {isa = PBXBuildFile; fileRef = F94D56AC317F49009C9E89FE /* Todo.swift */; };
		D9F104494F3FF6498F622AB9 /* Pods_Todo.framework in Frameworks */ = {isa = PBXBuildFile; fileRef = 006C8C9A7BEA35DA6A5AEA54 /* Pods_Todo.framework */; };
		DD21AE003EB849D59E9194DF /* AmplifyModels.swift in Sources */ = {isa = PBXBuildFile; fileRef = 45159B49B4D34FC8B885E4BC /* AmplifyModels.swift */; };
		EA59B88425CBD60C0067A837 /* AppDelegate.swift in Sources */ = {isa = PBXBuildFile; fileRef = EA59B88325CBD60C0067A837 /* AppDelegate.swift */; };
		EA59B88625CBD60C0067A837 /* SceneDelegate.swift in Sources */ = {isa = PBXBuildFile; fileRef = EA59B88525CBD60C0067A837 /* SceneDelegate.swift */; };
		EA59B88825CBD60C0067A837 /* ViewController.swift in Sources */ = {isa = PBXBuildFile; fileRef = EA59B88725CBD60C0067A837 /* ViewController.swift */; };
		EA59B88B25CBD60C0067A837 /* Main.storyboard in Resources */ = {isa = PBXBuildFile; fileRef = EA59B88925CBD60C0067A837 /* Main.storyboard */; };
		EA59B88D25CBD6110067A837 /* Assets.xcassets in Resources */ = {isa = PBXBuildFile; fileRef = EA59B88C25CBD6110067A837 /* Assets.xcassets */; };
		EA59B89025CBD6110067A837 /* LaunchScreen.storyboard in Resources */ = {isa = PBXBuildFile; fileRef = EA59B88E25CBD6110067A837 /* LaunchScreen.storyboard */; };
		ED15C62C4D5C4D258D77D1C7 /* Priority.swift in Sources */ = {isa = PBXBuildFile; fileRef = 416F90726F444A848671C49B /* Priority.swift */; };
		EF637918AD614965B6C7708E /* amplifyconfiguration.json in Resources */ = {isa = PBXBuildFile; fileRef = E2010567A85E425EA38D222F /* amplifyconfiguration.json */; };
/* End PBXBuildFile section */

/* Begin PBXFileReference section */
		006C8C9A7BEA35DA6A5AEA54 /* Pods_Todo.framework */ = {isa = PBXFileReference; explicitFileType = wrapper.framework; includeInIndex = 0; path = Pods_Todo.framework; sourceTree = BUILT_PRODUCTS_DIR; };
		416F90726F444A848671C49B /* Priority.swift */ = {isa = PBXFileReference; explicitFileType = undefined; fileEncoding = 4; includeInIndex = 0; lastKnownFileType = sourcecode.swift; name = Priority.swift; path = amplify/generated/models/Priority.swift; sourceTree = "<group>"; };
		45159B49B4D34FC8B885E4BC /* AmplifyModels.swift */ = {isa = PBXFileReference; explicitFileType = undefined; fileEncoding = 4; includeInIndex = 0; lastKnownFileType = sourcecode.swift; name = AmplifyModels.swift; path = amplify/generated/models/AmplifyModels.swift; sourceTree = "<group>"; };
		64FE8BF2D010E42E1EEAD9F7 /* Pods-Todo.release.xcconfig */ = {isa = PBXFileReference; includeInIndex = 1; lastKnownFileType = text.xcconfig; name = "Pods-Todo.release.xcconfig"; path = "Target Support Files/Pods-Todo/Pods-Todo.release.xcconfig"; sourceTree = "<group>"; };
		699D346FFE1D438E8DD5B93E /* schema.graphql */ = {isa = PBXFileReference; explicitFileType = undefined; fileEncoding = 4; includeInIndex = 0; lastKnownFileType = text; name = schema.graphql; path = amplify/backend/api/amplifyDatasource/schema.graphql; sourceTree = "<group>"; };
		7921186476C0636A731E9AC5 /* Pods-Todo.debug.xcconfig */ = {isa = PBXFileReference; includeInIndex = 1; lastKnownFileType = text.xcconfig; name = "Pods-Todo.debug.xcconfig"; path = "Target Support Files/Pods-Todo/Pods-Todo.debug.xcconfig"; sourceTree = "<group>"; };
		97DC2E0458644303824EB189 /* Todo+Schema.swift */ = {isa = PBXFileReference; explicitFileType = undefined; fileEncoding = 4; includeInIndex = 0; lastKnownFileType = sourcecode.swift; name = "Todo+Schema.swift"; path = "amplify/generated/models/Todo+Schema.swift"; sourceTree = "<group>"; };
		BD998236BEB14E849CDC9BA9 /* awsconfiguration.json */ = {isa = PBXFileReference; explicitFileType = undefined; fileEncoding = 9; includeInIndex = 0; lastKnownFileType = unknown; path = awsconfiguration.json; sourceTree = "<group>"; };
		D74AAF8F75CC477DB3288993 /* amplifytools.xcconfig */ = {isa = PBXFileReference; explicitFileType = undefined; fileEncoding = 4; includeInIndex = 0; lastKnownFileType = text.xcconfig; path = amplifytools.xcconfig; sourceTree = "<group>"; };
		E2010567A85E425EA38D222F /* amplifyconfiguration.json */ = {isa = PBXFileReference; explicitFileType = undefined; fileEncoding = 9; includeInIndex = 0; lastKnownFileType = unknown; path = amplifyconfiguration.json; sourceTree = "<group>"; };
		EA59B88025CBD60C0067A837 /* Todo.app */ = {isa = PBXFileReference; explicitFileType = wrapper.application; includeInIndex = 0; path = Todo.app; sourceTree = BUILT_PRODUCTS_DIR; };
		EA59B88325CBD60C0067A837 /* AppDelegate.swift */ = {isa = PBXFileReference; lastKnownFileType = sourcecode.swift; path = AppDelegate.swift; sourceTree = "<group>"; };
		EA59B88525CBD60C0067A837 /* SceneDelegate.swift */ = {isa = PBXFileReference; lastKnownFileType = sourcecode.swift; path = SceneDelegate.swift; sourceTree = "<group>"; };
		EA59B88725CBD60C0067A837 /* ViewController.swift */ = {isa = PBXFileReference; lastKnownFileType = sourcecode.swift; path = ViewController.swift; sourceTree = "<group>"; };
		EA59B88A25CBD60C0067A837 /* Base */ = {isa = PBXFileReference; lastKnownFileType = file.storyboard; name = Base; path = Base.lproj/Main.storyboard; sourceTree = "<group>"; };
		EA59B88C25CBD6110067A837 /* Assets.xcassets */ = {isa = PBXFileReference; lastKnownFileType = folder.assetcatalog; path = Assets.xcassets; sourceTree = "<group>"; };
		EA59B88F25CBD6110067A837 /* Base */ = {isa = PBXFileReference; lastKnownFileType = file.storyboard; name = Base; path = Base.lproj/LaunchScreen.storyboard; sourceTree = "<group>"; };
		EA59B89125CBD6110067A837 /* Info.plist */ = {isa = PBXFileReference; lastKnownFileType = text.plist.xml; path = Info.plist; sourceTree = "<group>"; };
		F94D56AC317F49009C9E89FE /* Todo.swift */ = {isa = PBXFileReference; explicitFileType = undefined; fileEncoding = 4; includeInIndex = 0; lastKnownFileType = sourcecode.swift; name = Todo.swift; path = amplify/generated/models/Todo.swift; sourceTree = "<group>"; };
/* End PBXFileReference section */

/* Begin PBXFrameworksBuildPhase section */
		EA59B87D25CBD60C0067A837 /* Frameworks */ = {
			isa = PBXFrameworksBuildPhase;
			buildActionMask = 2147483647;
			files = (
				D9F104494F3FF6498F622AB9 /* Pods_Todo.framework in Frameworks */,
			);
			runOnlyForDeploymentPostprocessing = 0;
		};
/* End PBXFrameworksBuildPhase section */

/* Begin PBXGroup section */
		0C748EF0E76F4AC9A421E9CE /* AmplifyModels */ = {
			isa = PBXGroup;
			children = (
				45159B49B4D34FC8B885E4BC /* AmplifyModels.swift */,
				416F90726F444A848671C49B /* Priority.swift */,
				F94D56AC317F49009C9E89FE /* Todo.swift */,
				97DC2E0458644303824EB189 /* Todo+Schema.swift */,
			);
			name = AmplifyModels;
			path = .;
			sourceTree = "<group>";
		};
		3BF0AFDF33DB97E4E1143968 /* Frameworks */ = {
			isa = PBXGroup;
			children = (
				006C8C9A7BEA35DA6A5AEA54 /* Pods_Todo.framework */,
			);
			name = Frameworks;
			sourceTree = "<group>";
		};
		673027575D822F8DC921F2B6 /* Pods */ = {
			isa = PBXGroup;
			children = (
				7921186476C0636A731E9AC5 /* Pods-Todo.debug.xcconfig */,
				64FE8BF2D010E42E1EEAD9F7 /* Pods-Todo.release.xcconfig */,
			);
			path = Pods;
			sourceTree = "<group>";
		};
		7769602566CF4484BB771D69 /* AmplifyConfig */ = {
			isa = PBXGroup;
			children = (
				D74AAF8F75CC477DB3288993 /* amplifytools.xcconfig */,
				E2010567A85E425EA38D222F /* amplifyconfiguration.json */,
				BD998236BEB14E849CDC9BA9 /* awsconfiguration.json */,
				699D346FFE1D438E8DD5B93E /* schema.graphql */,
			);
			name = AmplifyConfig;
			path = .;
			sourceTree = "<group>";
		};
		EA59B87725CBD60C0067A837 = {
			isa = PBXGroup;
			children = (
				0C748EF0E76F4AC9A421E9CE /* AmplifyModels */,
				7769602566CF4484BB771D69 /* AmplifyConfig */,
				EA59B88225CBD60C0067A837 /* Todo */,
				EA59B88125CBD60C0067A837 /* Products */,
				673027575D822F8DC921F2B6 /* Pods */,
				3BF0AFDF33DB97E4E1143968 /* Frameworks */,
			);
			sourceTree = "<group>";
		};
		EA59B88125CBD60C0067A837 /* Products */ = {
			isa = PBXGroup;
			children = (
				EA59B88025CBD60C0067A837 /* Todo.app */,
			);
			name = Products;
			sourceTree = "<group>";
		};
		EA59B88225CBD60C0067A837 /* Todo */ = {
			isa = PBXGroup;
			children = (
				EA59B88325CBD60C0067A837 /* AppDelegate.swift */,
				EA59B88525CBD60C0067A837 /* SceneDelegate.swift */,
				EA59B88725CBD60C0067A837 /* ViewController.swift */,
				EA59B88925CBD60C0067A837 /* Main.storyboard */,
				EA59B88C25CBD6110067A837 /* Assets.xcassets */,
				EA59B88E25CBD6110067A837 /* LaunchScreen.storyboard */,
				EA59B89125CBD6110067A837 /* Info.plist */,
			);
			path = Todo;
			sourceTree = "<group>";
		};
/* End PBXGroup section */

/* Begin PBXNativeTarget section */
		EA59B87F25CBD60C0067A837 /* Todo */ = {
			isa = PBXNativeTarget;
			buildConfigurationList = EA59B89425CBD6110067A837 /* Build configuration list for PBXNativeTarget "Todo" */;
			buildPhases = (
				BA224E84EFBD3E498FA2AF44 /* [CP] Check Pods Manifest.lock */,
				EA59B87C25CBD60C0067A837 /* Sources */,
				EA59B87D25CBD60C0067A837 /* Frameworks */,
				EA59B87E25CBD60C0067A837 /* Resources */,
				BBF33001012927ACE9E32D93 /* [CP] Embed Pods Frameworks */,
			);
			buildRules = (
			);
			dependencies = (
			);
			name = Todo;
			productName = Todo;
			productReference = EA59B88025CBD60C0067A837 /* Todo.app */;
			productType = "com.apple.product-type.application";
		};
/* End PBXNativeTarget section */

/* Begin PBXProject section */
		EA59B87825CBD60C0067A837 /* Project object */ = {
			isa = PBXProject;
			attributes = {
				LastSwiftUpdateCheck = 1240;
				LastUpgradeCheck = 1240;
				TargetAttributes = {
					EA59B87F25CBD60C0067A837 = {
						CreatedOnToolsVersion = 12.4;
					};
				};
			};
			buildConfigurationList = EA59B87B25CBD60C0067A837 /* Build configuration list for PBXProject "Todo" */;
			compatibilityVersion = "Xcode 9.3";
			developmentRegion = en;
			hasScannedForEncodings = 0;
			knownRegions = (
				en,
				Base,
			);
			mainGroup = EA59B87725CBD60C0067A837;
			productRefGroup = EA59B88125CBD60C0067A837 /* Products */;
			projectDirPath = "";
			projectRoot = "";
			targets = (
				EA59B87F25CBD60C0067A837 /* Todo */,
			);
		};
/* End PBXProject section */

/* Begin PBXResourcesBuildPhase section */
		EA59B87E25CBD60C0067A837 /* Resources */ = {
			isa = PBXResourcesBuildPhase;
			buildActionMask = 2147483647;
			files = (
				EA59B89025CBD6110067A837 /* LaunchScreen.storyboard in Resources */,
				EA59B88D25CBD6110067A837 /* Assets.xcassets in Resources */,
				EA59B88B25CBD60C0067A837 /* Main.storyboard in Resources */,
				EF637918AD614965B6C7708E /* amplifyconfiguration.json in Resources */,
				0DE0471B95524A6FACA97A67 /* awsconfiguration.json in Resources */,
			);
			runOnlyForDeploymentPostprocessing = 0;
		};
/* End PBXResourcesBuildPhase section */

/* Begin PBXShellScriptBuildPhase section */
		BA224E84EFBD3E498FA2AF44 /* [CP] Check Pods Manifest.lock */ = {
			isa = PBXShellScriptBuildPhase;
			buildActionMask = 2147483647;
			files = (
			);
			inputFileListPaths = (
			);
			inputPaths = (
				"${PODS_PODFILE_DIR_PATH}/Podfile.lock",
				"${PODS_ROOT}/Manifest.lock",
			);
			name = "[CP] Check Pods Manifest.lock";
			outputFileListPaths = (
			);
			outputPaths = (
				"$(DERIVED_FILE_DIR)/Pods-Todo-checkManifestLockResult.txt",
			);
			runOnlyForDeploymentPostprocessing = 0;
			shellPath = /bin/sh;
			shellScript = "diff \"${PODS_PODFILE_DIR_PATH}/Podfile.lock\" \"${PODS_ROOT}/Manifest.lock\" > /dev/null\nif [ $? != 0 ] ; then\n    # print error to STDERR\n    echo \"error: The sandbox is not in sync with the Podfile.lock. Run 'pod install' or update your CocoaPods installation.\" >&2\n    exit 1\nfi\n# This output is used by Xcode 'outputs' to avoid re-running this script phase.\necho \"SUCCESS\" > \"${SCRIPT_OUTPUT_FILE_0}\"\n";
			showEnvVarsInLog = 0;
		};
		BBF33001012927ACE9E32D93 /* [CP] Embed Pods Frameworks */ = {
			isa = PBXShellScriptBuildPhase;
			buildActionMask = 2147483647;
			files = (
			);
			inputFileListPaths = (
				"${PODS_ROOT}/Target Support Files/Pods-Todo/Pods-Todo-frameworks-${CONFIGURATION}-input-files.xcfilelist",
			);
			name = "[CP] Embed Pods Frameworks";
			outputFileListPaths = (
				"${PODS_ROOT}/Target Support Files/Pods-Todo/Pods-Todo-frameworks-${CONFIGURATION}-output-files.xcfilelist",
			);
			runOnlyForDeploymentPostprocessing = 0;
			shellPath = /bin/sh;
			shellScript = "\"${PODS_ROOT}/Target Support Files/Pods-Todo/Pods-Todo-frameworks.sh\"\n";
			showEnvVarsInLog = 0;
		};
/* End PBXShellScriptBuildPhase section */

/* Begin PBXSourcesBuildPhase section */
		EA59B87C25CBD60C0067A837 /* Sources */ = {
			isa = PBXSourcesBuildPhase;
			buildActionMask = 2147483647;
			files = (
				EA59B88825CBD60C0067A837 /* ViewController.swift in Sources */,
				EA59B88425CBD60C0067A837 /* AppDelegate.swift in Sources */,
				EA59B88625CBD60C0067A837 /* SceneDelegate.swift in Sources */,
				DD21AE003EB849D59E9194DF /* AmplifyModels.swift in Sources */,
				ED15C62C4D5C4D258D77D1C7 /* Priority.swift in Sources */,
				863546EBFC00427A84702C71 /* Todo.swift in Sources */,
				00D7CA3FA73545649B7CEC6D /* Todo+Schema.swift in Sources */,
			);
			runOnlyForDeploymentPostprocessing = 0;
		};
/* End PBXSourcesBuildPhase section */

/* Begin PBXVariantGroup section */
		EA59B88925CBD60C0067A837 /* Main.storyboard */ = {
			isa = PBXVariantGroup;
			children = (
				EA59B88A25CBD60C0067A837 /* Base */,
			);
			name = Main.storyboard;
			sourceTree = "<group>";
		};
		EA59B88E25CBD6110067A837 /* LaunchScreen.storyboard */ = {
			isa = PBXVariantGroup;
			children = (
				EA59B88F25CBD6110067A837 /* Base */,
			);
			name = LaunchScreen.storyboard;
			sourceTree = "<group>";
		};
/* End PBXVariantGroup section */

/* Begin XCBuildConfiguration section */
		EA59B89225CBD6110067A837 /* Debug */ = {
			isa = XCBuildConfiguration;
			buildSettings = {
				ALWAYS_SEARCH_USER_PATHS = NO;
				CLANG_ANALYZER_NONNULL = YES;
				CLANG_ANALYZER_NUMBER_OBJECT_CONVERSION = YES_AGGRESSIVE;
				CLANG_CXX_LANGUAGE_STANDARD = "gnu++14";
				CLANG_CXX_LIBRARY = "libc++";
				CLANG_ENABLE_MODULES = YES;
				CLANG_ENABLE_OBJC_ARC = YES;
				CLANG_ENABLE_OBJC_WEAK = YES;
				CLANG_WARN_BLOCK_CAPTURE_AUTORELEASING = YES;
				CLANG_WARN_BOOL_CONVERSION = YES;
				CLANG_WARN_COMMA = YES;
				CLANG_WARN_CONSTANT_CONVERSION = YES;
				CLANG_WARN_DEPRECATED_OBJC_IMPLEMENTATIONS = YES;
				CLANG_WARN_DIRECT_OBJC_ISA_USAGE = YES_ERROR;
				CLANG_WARN_DOCUMENTATION_COMMENTS = YES;
				CLANG_WARN_EMPTY_BODY = YES;
				CLANG_WARN_ENUM_CONVERSION = YES;
				CLANG_WARN_INFINITE_RECURSION = YES;
				CLANG_WARN_INT_CONVERSION = YES;
				CLANG_WARN_NON_LITERAL_NULL_CONVERSION = YES;
				CLANG_WARN_OBJC_IMPLICIT_RETAIN_SELF = YES;
				CLANG_WARN_OBJC_LITERAL_CONVERSION = YES;
				CLANG_WARN_OBJC_ROOT_CLASS = YES_ERROR;
				CLANG_WARN_QUOTED_INCLUDE_IN_FRAMEWORK_HEADER = YES;
				CLANG_WARN_RANGE_LOOP_ANALYSIS = YES;
				CLANG_WARN_STRICT_PROTOTYPES = YES;
				CLANG_WARN_SUSPICIOUS_MOVE = YES;
				CLANG_WARN_UNGUARDED_AVAILABILITY = YES_AGGRESSIVE;
				CLANG_WARN_UNREACHABLE_CODE = YES;
				CLANG_WARN__DUPLICATE_METHOD_MATCH = YES;
				COPY_PHASE_STRIP = NO;
				DEBUG_INFORMATION_FORMAT = dwarf;
				ENABLE_STRICT_OBJC_MSGSEND = YES;
				ENABLE_TESTABILITY = YES;
				GCC_C_LANGUAGE_STANDARD = gnu11;
				GCC_DYNAMIC_NO_PIC = NO;
				GCC_NO_COMMON_BLOCKS = YES;
				GCC_OPTIMIZATION_LEVEL = 0;
				GCC_PREPROCESSOR_DEFINITIONS = (
					"DEBUG=1",
					"$(inherited)",
				);
				GCC_WARN_64_TO_32_BIT_CONVERSION = YES;
				GCC_WARN_ABOUT_RETURN_TYPE = YES_ERROR;
				GCC_WARN_UNDECLARED_SELECTOR = YES;
				GCC_WARN_UNINITIALIZED_AUTOS = YES_AGGRESSIVE;
				GCC_WARN_UNUSED_FUNCTION = YES;
				GCC_WARN_UNUSED_VARIABLE = YES;
				IPHONEOS_DEPLOYMENT_TARGET = 14.4;
				MTL_ENABLE_DEBUG_INFO = INCLUDE_SOURCE;
				MTL_FAST_MATH = YES;
				ONLY_ACTIVE_ARCH = YES;
				SDKROOT = iphoneos;
				SWIFT_ACTIVE_COMPILATION_CONDITIONS = DEBUG;
				SWIFT_OPTIMIZATION_LEVEL = "-Onone";
			};
			name = Debug;
		};
		EA59B89325CBD6110067A837 /* Release */ = {
			isa = XCBuildConfiguration;
			buildSettings = {
				ALWAYS_SEARCH_USER_PATHS = NO;
				CLANG_ANALYZER_NONNULL = YES;
				CLANG_ANALYZER_NUMBER_OBJECT_CONVERSION = YES_AGGRESSIVE;
				CLANG_CXX_LANGUAGE_STANDARD = "gnu++14";
				CLANG_CXX_LIBRARY = "libc++";
				CLANG_ENABLE_MODULES = YES;
				CLANG_ENABLE_OBJC_ARC = YES;
				CLANG_ENABLE_OBJC_WEAK = YES;
				CLANG_WARN_BLOCK_CAPTURE_AUTORELEASING = YES;
				CLANG_WARN_BOOL_CONVERSION = YES;
				CLANG_WARN_COMMA = YES;
				CLANG_WARN_CONSTANT_CONVERSION = YES;
				CLANG_WARN_DEPRECATED_OBJC_IMPLEMENTATIONS = YES;
				CLANG_WARN_DIRECT_OBJC_ISA_USAGE = YES_ERROR;
				CLANG_WARN_DOCUMENTATION_COMMENTS = YES;
				CLANG_WARN_EMPTY_BODY = YES;
				CLANG_WARN_ENUM_CONVERSION = YES;
				CLANG_WARN_INFINITE_RECURSION = YES;
				CLANG_WARN_INT_CONVERSION = YES;
				CLANG_WARN_NON_LITERAL_NULL_CONVERSION = YES;
				CLANG_WARN_OBJC_IMPLICIT_RETAIN_SELF = YES;
				CLANG_WARN_OBJC_LITERAL_CONVERSION = YES;
				CLANG_WARN_OBJC_ROOT_CLASS = YES_ERROR;
				CLANG_WARN_QUOTED_INCLUDE_IN_FRAMEWORK_HEADER = YES;
				CLANG_WARN_RANGE_LOOP_ANALYSIS = YES;
				CLANG_WARN_STRICT_PROTOTYPES = YES;
				CLANG_WARN_SUSPICIOUS_MOVE = YES;
				CLANG_WARN_UNGUARDED_AVAILABILITY = YES_AGGRESSIVE;
				CLANG_WARN_UNREACHABLE_CODE = YES;
				CLANG_WARN__DUPLICATE_METHOD_MATCH = YES;
				COPY_PHASE_STRIP = NO;
				DEBUG_INFORMATION_FORMAT = "dwarf-with-dsym";
				ENABLE_NS_ASSERTIONS = NO;
				ENABLE_STRICT_OBJC_MSGSEND = YES;
				GCC_C_LANGUAGE_STANDARD = gnu11;
				GCC_NO_COMMON_BLOCKS = YES;
				GCC_WARN_64_TO_32_BIT_CONVERSION = YES;
				GCC_WARN_ABOUT_RETURN_TYPE = YES_ERROR;
				GCC_WARN_UNDECLARED_SELECTOR = YES;
				GCC_WARN_UNINITIALIZED_AUTOS = YES_AGGRESSIVE;
				GCC_WARN_UNUSED_FUNCTION = YES;
				GCC_WARN_UNUSED_VARIABLE = YES;
				IPHONEOS_DEPLOYMENT_TARGET = 14.4;
				MTL_ENABLE_DEBUG_INFO = NO;
				MTL_FAST_MATH = YES;
				SDKROOT = iphoneos;
				SWIFT_COMPILATION_MODE = wholemodule;
				SWIFT_OPTIMIZATION_LEVEL = "-O";
				VALIDATE_PRODUCT = YES;
			};
			name = Release;
		};
		EA59B89525CBD6110067A837 /* Debug */ = {
			isa = XCBuildConfiguration;
			baseConfigurationReference = 7921186476C0636A731E9AC5 /* Pods-Todo.debug.xcconfig */;
			buildSettings = {
				ASSETCATALOG_COMPILER_APPICON_NAME = AppIcon;
				ASSETCATALOG_COMPILER_GLOBAL_ACCENT_COLOR_NAME = AccentColor;
				CODE_SIGN_STYLE = Automatic;
				DEVELOPMENT_TEAM = 68663464K3;
				INFOPLIST_FILE = Todo/Info.plist;
				LD_RUNPATH_SEARCH_PATHS = (
					"$(inherited)",
					"@executable_path/Frameworks",
				);
				PRODUCT_BUNDLE_IDENTIFIER = com.doyeon.Todo;
				PRODUCT_NAME = "$(TARGET_NAME)";
				SWIFT_VERSION = 5.0;
				TARGETED_DEVICE_FAMILY = "1,2";
			};
			name = Debug;
		};
		EA59B89625CBD6110067A837 /* Release */ = {
			isa = XCBuildConfiguration;
			baseConfigurationReference = 64FE8BF2D010E42E1EEAD9F7 /* Pods-Todo.release.xcconfig */;
			buildSettings = {
				ASSETCATALOG_COMPILER_APPICON_NAME = AppIcon;
				ASSETCATALOG_COMPILER_GLOBAL_ACCENT_COLOR_NAME = AccentColor;
				CODE_SIGN_STYLE = Automatic;
				DEVELOPMENT_TEAM = 68663464K3;
				INFOPLIST_FILE = Todo/Info.plist;
				LD_RUNPATH_SEARCH_PATHS = (
					"$(inherited)",
					"@executable_path/Frameworks",
				);
				PRODUCT_BUNDLE_IDENTIFIER = com.doyeon.Todo;
				PRODUCT_NAME = "$(TARGET_NAME)";
				SWIFT_VERSION = 5.0;
				TARGETED_DEVICE_FAMILY = "1,2";
			};
			name = Release;
		};
/* End XCBuildConfiguration section */

/* Begin XCConfigurationList section */
		EA59B87B25CBD60C0067A837 /* Build configuration list for PBXProject "Todo" */ = {
			isa = XCConfigurationList;
			buildConfigurations = (
				EA59B89225CBD6110067A837 /* Debug */,
				EA59B89325CBD6110067A837 /* Release */,
			);
			defaultConfigurationIsVisible = 0;
			defaultConfigurationName = Release;
		};
		EA59B89425CBD6110067A837 /* Build configuration list for PBXNativeTarget "Todo" */ = {
			isa = XCConfigurationList;
			buildConfigurations = (
				EA59B89525CBD6110067A837 /* Debug */,
				EA59B89625CBD6110067A837 /* Release */,
			);
			defaultConfigurationIsVisible = 0;
			defaultConfigurationName = Release;
		};
/* End XCConfigurationList section */
	};
	rootObject = EA59B87825CBD60C0067A837 /* Project object */;
}
