// !$*UTF8*$!
{
	archiveVersion = 1;
	classes = {
	};
	objectVersion = 50;
	objects = {

/* Begin PBXBuildFile section */
		EA5E76782557ABEE00BB85D3 /* AppDelegate.swift in Sources */ = {isa = PBXBuildFile; fileRef = EA5E76772557ABEE00BB85D3 /* AppDelegate.swift */; };
		EA5E767A2557ABEE00BB85D3 /* SceneDelegate.swift in Sources */ = {isa = PBXBuildFile; fileRef = EA5E76792557ABEE00BB85D3 /* SceneDelegate.swift */; };
		EA5E767C2557ABEE00BB85D3 /* ViewController.swift in Sources */ = {isa = PBXBuildFile; fileRef = EA5E767B2557ABEE00BB85D3 /* ViewController.swift */; };
		EA5E767F2557ABEE00BB85D3 /* Main.storyboard in Resources */ = {isa = PBXBuildFile; fileRef = EA5E767D2557ABEE00BB85D3 /* Main.storyboard */; };
		EA5E76812557ABF200BB85D3 /* Assets.xcassets in Resources */ = {isa = PBXBuildFile; fileRef = EA5E76802557ABF200BB85D3 /* Assets.xcassets */; };
		EA5E76842557ABF200BB85D3 /* LaunchScreen.storyboard in Resources */ = {isa = PBXBuildFile; fileRef = EA5E76822557ABF200BB85D3 /* LaunchScreen.storyboard */; };
		EA5E769D2557B95200BB85D3 /* SecondViewController.swift in Sources */ = {isa = PBXBuildFile; fileRef = EA5E769C2557B95200BB85D3 /* SecondViewController.swift */; };
		EA5E76A02557BC9500BB85D3 /* SegwayViewController.swift in Sources */ = {isa = PBXBuildFile; fileRef = EA5E769F2557BC9500BB85D3 /* SegwayViewController.swift */; };
/* End PBXBuildFile section */

/* Begin PBXFileReference section */
		EA5E76742557ABEE00BB85D3 /* PresentViewControllerInFourWays.app */ = {isa = PBXFileReference; explicitFileType = wrapper.application; includeInIndex = 0; path = PresentViewControllerInFourWays.app; sourceTree = BUILT_PRODUCTS_DIR; };
		EA5E76772557ABEE00BB85D3 /* AppDelegate.swift */ = {isa = PBXFileReference; lastKnownFileType = sourcecode.swift; path = AppDelegate.swift; sourceTree = "<group>"; };
		EA5E76792557ABEE00BB85D3 /* SceneDelegate.swift */ = {isa = PBXFileReference; lastKnownFileType = sourcecode.swift; path = SceneDelegate.swift; sourceTree = "<group>"; };
		EA5E767B2557ABEE00BB85D3 /* ViewController.swift */ = {isa = PBXFileReference; lastKnownFileType = sourcecode.swift; path = ViewController.swift; sourceTree = "<group>"; };
		EA5E767E2557ABEE00BB85D3 /* Base */ = {isa = PBXFileReference; lastKnownFileType = file.storyboard; name = Base; path = Base.lproj/Main.storyboard; sourceTree = "<group>"; };
		EA5E76802557ABF200BB85D3 /* Assets.xcassets */ = {isa = PBXFileReference; lastKnownFileType = folder.assetcatalog; path = Assets.xcassets; sourceTree = "<group>"; };
		EA5E76832557ABF200BB85D3 /* Base */ = {isa = PBXFileReference; lastKnownFileType = file.storyboard; name = Base; path = Base.lproj/LaunchScreen.storyboard; sourceTree = "<group>"; };
		EA5E76852557ABF200BB85D3 /* Info.plist */ = {isa = PBXFileReference; lastKnownFileType = text.plist.xml; path = Info.plist; sourceTree = "<group>"; };
		EA5E769C2557B95200BB85D3 /* SecondViewController.swift */ = {isa = PBXFileReference; lastKnownFileType = sourcecode.swift; path = SecondViewController.swift; sourceTree = "<group>"; };
		EA5E769F2557BC9500BB85D3 /* SegwayViewController.swift */ = {isa = PBXFileReference; lastKnownFileType = sourcecode.swift; path = SegwayViewController.swift; sourceTree = "<group>"; };
/* End PBXFileReference section */

/* Begin PBXFrameworksBuildPhase section */
		EA5E76712557ABEE00BB85D3 /* Frameworks */ = {
			isa = PBXFrameworksBuildPhase;
			buildActionMask = 2147483647;
			files = (
			);
			runOnlyForDeploymentPostprocessing = 0;
		};
/* End PBXFrameworksBuildPhase section */

/* Begin PBXGroup section */
		EA5E766B2557ABEE00BB85D3 = {
			isa = PBXGroup;
			children = (
				EA5E76762557ABEE00BB85D3 /* PresentViewControllerInFourWays */,
				EA5E76752557ABEE00BB85D3 /* Products */,
			);
			sourceTree = "<group>";
		};
		EA5E76752557ABEE00BB85D3 /* Products */ = {
			isa = PBXGroup;
			children = (
				EA5E76742557ABEE00BB85D3 /* PresentViewControllerInFourWays.app */,
			);
			name = Products;
			sourceTree = "<group>";
		};
		EA5E76762557ABEE00BB85D3 /* PresentViewControllerInFourWays */ = {
			isa = PBXGroup;
			children = (
				EA5E76772557ABEE00BB85D3 /* AppDelegate.swift */,
				EA5E76792557ABEE00BB85D3 /* SceneDelegate.swift */,
				EA5E767B2557ABEE00BB85D3 /* ViewController.swift */,
				EA5E767D2557ABEE00BB85D3 /* Main.storyboard */,
				EA5E769F2557BC9500BB85D3 /* SegwayViewController.swift */,
				EA5E769C2557B95200BB85D3 /* SecondViewController.swift */,
				EA5E76802557ABF200BB85D3 /* Assets.xcassets */,
				EA5E76822557ABF200BB85D3 /* LaunchScreen.storyboard */,
				EA5E76852557ABF200BB85D3 /* Info.plist */,
			);
			path = PresentViewControllerInFourWays;
			sourceTree = "<group>";
		};
/* End PBXGroup section */

/* Begin PBXNativeTarget section */
		EA5E76732557ABEE00BB85D3 /* PresentViewControllerInFourWays */ = {
			isa = PBXNativeTarget;
			buildConfigurationList = EA5E76882557ABF200BB85D3 /* Build configuration list for PBXNativeTarget "PresentViewControllerInFourWays" */;
			buildPhases = (
				EA5E76702557ABEE00BB85D3 /* Sources */,
				EA5E76712557ABEE00BB85D3 /* Frameworks */,
				EA5E76722557ABEE00BB85D3 /* Resources */,
			);
			buildRules = (
			);
			dependencies = (
			);
			name = PresentViewControllerInFourWays;
			productName = PresentViewControllerInFourWays;
			productReference = EA5E76742557ABEE00BB85D3 /* PresentViewControllerInFourWays.app */;
			productType = "com.apple.product-type.application";
		};
/* End PBXNativeTarget section */

/* Begin PBXProject section */
		EA5E766C2557ABEE00BB85D3 /* Project object */ = {
			isa = PBXProject;
			attributes = {
				LastSwiftUpdateCheck = 1210;
				LastUpgradeCheck = 1210;
				TargetAttributes = {
					EA5E76732557ABEE00BB85D3 = {
						CreatedOnToolsVersion = 12.1;
					};
				};
			};
			buildConfigurationList = EA5E766F2557ABEE00BB85D3 /* Build configuration list for PBXProject "PresentViewControllerInFourWays" */;
			compatibilityVersion = "Xcode 9.3";
			developmentRegion = en;
			hasScannedForEncodings = 0;
			knownRegions = (
				en,
				Base,
			);
			mainGroup = EA5E766B2557ABEE00BB85D3;
			productRefGroup = EA5E76752557ABEE00BB85D3 /* Products */;
			projectDirPath = "";
			projectRoot = "";
			targets = (
				EA5E76732557ABEE00BB85D3 /* PresentViewControllerInFourWays */,
			);
		};
/* End PBXProject section */

/* Begin PBXResourcesBuildPhase section */
		EA5E76722557ABEE00BB85D3 /* Resources */ = {
			isa = PBXResourcesBuildPhase;
			buildActionMask = 2147483647;
			files = (
				EA5E76842557ABF200BB85D3 /* LaunchScreen.storyboard in Resources */,
				EA5E76812557ABF200BB85D3 /* Assets.xcassets in Resources */,
				EA5E767F2557ABEE00BB85D3 /* Main.storyboard in Resources */,
			);
			runOnlyForDeploymentPostprocessing = 0;
		};
/* End PBXResourcesBuildPhase section */

/* Begin PBXSourcesBuildPhase section */
		EA5E76702557ABEE00BB85D3 /* Sources */ = {
			isa = PBXSourcesBuildPhase;
			buildActionMask = 2147483647;
			files = (
				EA5E76A02557BC9500BB85D3 /* SegwayViewController.swift in Sources */,
				EA5E769D2557B95200BB85D3 /* SecondViewController.swift in Sources */,
				EA5E767C2557ABEE00BB85D3 /* ViewController.swift in Sources */,
				EA5E76782557ABEE00BB85D3 /* AppDelegate.swift in Sources */,
				EA5E767A2557ABEE00BB85D3 /* SceneDelegate.swift in Sources */,
			);
			runOnlyForDeploymentPostprocessing = 0;
		};
/* End PBXSourcesBuildPhase section */

/* Begin PBXVariantGroup section */
		EA5E767D2557ABEE00BB85D3 /* Main.storyboard */ = {
			isa = PBXVariantGroup;
			children = (
				EA5E767E2557ABEE00BB85D3 /* Base */,
			);
			name = Main.storyboard;
			sourceTree = "<group>";
		};
		EA5E76822557ABF200BB85D3 /* LaunchScreen.storyboard */ = {
			isa = PBXVariantGroup;
			children = (
				EA5E76832557ABF200BB85D3 /* Base */,
			);
			name = LaunchScreen.storyboard;
			sourceTree = "<group>";
		};
/* End PBXVariantGroup section */

/* Begin XCBuildConfiguration section */
		EA5E76862557ABF200BB85D3 /* Debug */ = {
			isa = XCBuildConfiguration;
			buildSettings = {
				ALWAYS_SEARCH_USER_PATHS = NO;
				CLANG_ANALYZER_NONNULL = YES;
				CLANG_ANALYZER_NUMBER_OBJECT_CONVERSION = YES_AGGRESSIVE;
				CLANG_CXX_LANGUAGE_STANDARD = "gnu++14";
				CLANG_CXX_LIBRARY = "libc++";
				CLANG_ENABLE_MODULES = YES;
				CLANG_ENABLE_OBJC_ARC = YES;
				CLANG_ENABLE_OBJC_WEAK = YES;
				CLANG_WARN_BLOCK_CAPTURE_AUTORELEASING = YES;
				CLANG_WARN_BOOL_CONVERSION = YES;
				CLANG_WARN_COMMA = YES;
				CLANG_WARN_CONSTANT_CONVERSION = YES;
				CLANG_WARN_DEPRECATED_OBJC_IMPLEMENTATIONS = YES;
				CLANG_WARN_DIRECT_OBJC_ISA_USAGE = YES_ERROR;
				CLANG_WARN_DOCUMENTATION_COMMENTS = YES;
				CLANG_WARN_EMPTY_BODY = YES;
				CLANG_WARN_ENUM_CONVERSION = YES;
				CLANG_WARN_INFINITE_RECURSION = YES;
				CLANG_WARN_INT_CONVERSION = YES;
				CLANG_WARN_NON_LITERAL_NULL_CONVERSION = YES;
				CLANG_WARN_OBJC_IMPLICIT_RETAIN_SELF = YES;
				CLANG_WARN_OBJC_LITERAL_CONVERSION = YES;
				CLANG_WARN_OBJC_ROOT_CLASS = YES_ERROR;
				CLANG_WARN_QUOTED_INCLUDE_IN_FRAMEWORK_HEADER = YES;
				CLANG_WARN_RANGE_LOOP_ANALYSIS = YES;
				CLANG_WARN_STRICT_PROTOTYPES = YES;
				CLANG_WARN_SUSPICIOUS_MOVE = YES;
				CLANG_WARN_UNGUARDED_AVAILABILITY = YES_AGGRESSIVE;
				CLANG_WARN_UNREACHABLE_CODE = YES;
				CLANG_WARN__DUPLICATE_METHOD_MATCH = YES;
				COPY_PHASE_STRIP = NO;
				DEBUG_INFORMATION_FORMAT = dwarf;
				ENABLE_STRICT_OBJC_MSGSEND = YES;
				ENABLE_TESTABILITY = YES;
				GCC_C_LANGUAGE_STANDARD = gnu11;
				GCC_DYNAMIC_NO_PIC = NO;
				GCC_NO_COMMON_BLOCKS = YES;
				GCC_OPTIMIZATION_LEVEL = 0;
				GCC_PREPROCESSOR_DEFINITIONS = (
					"DEBUG=1",
					"$(inherited)",
				);
				GCC_WARN_64_TO_32_BIT_CONVERSION = YES;
				GCC_WARN_ABOUT_RETURN_TYPE = YES_ERROR;
				GCC_WARN_UNDECLARED_SELECTOR = YES;
				GCC_WARN_UNINITIALIZED_AUTOS = YES_AGGRESSIVE;
				GCC_WARN_UNUSED_FUNCTION = YES;
				GCC_WARN_UNUSED_VARIABLE = YES;
				IPHONEOS_DEPLOYMENT_TARGET = 14.1;
				MTL_ENABLE_DEBUG_INFO = INCLUDE_SOURCE;
				MTL_FAST_MATH = YES;
				ONLY_ACTIVE_ARCH = YES;
				SDKROOT = iphoneos;
				SWIFT_ACTIVE_COMPILATION_CONDITIONS = DEBUG;
				SWIFT_OPTIMIZATION_LEVEL = "-Onone";
			};
			name = Debug;
		};
		EA5E76872557ABF200BB85D3 /* Release */ = {
			isa = XCBuildConfiguration;
			buildSettings = {
				ALWAYS_SEARCH_USER_PATHS = NO;
				CLANG_ANALYZER_NONNULL = YES;
				CLANG_ANALYZER_NUMBER_OBJECT_CONVERSION = YES_AGGRESSIVE;
				CLANG_CXX_LANGUAGE_STANDARD = "gnu++14";
				CLANG_CXX_LIBRARY = "libc++";
				CLANG_ENABLE_MODULES = YES;
				CLANG_ENABLE_OBJC_ARC = YES;
				CLANG_ENABLE_OBJC_WEAK = YES;
				CLANG_WARN_BLOCK_CAPTURE_AUTORELEASING = YES;
				CLANG_WARN_BOOL_CONVERSION = YES;
				CLANG_WARN_COMMA = YES;
				CLANG_WARN_CONSTANT_CONVERSION = YES;
				CLANG_WARN_DEPRECATED_OBJC_IMPLEMENTATIONS = YES;
				CLANG_WARN_DIRECT_OBJC_ISA_USAGE = YES_ERROR;
				CLANG_WARN_DOCUMENTATION_COMMENTS = YES;
				CLANG_WARN_EMPTY_BODY = YES;
				CLANG_WARN_ENUM_CONVERSION = YES;
				CLANG_WARN_INFINITE_RECURSION = YES;
				CLANG_WARN_INT_CONVERSION = YES;
				CLANG_WARN_NON_LITERAL_NULL_CONVERSION = YES;
				CLANG_WARN_OBJC_IMPLICIT_RETAIN_SELF = YES;
				CLANG_WARN_OBJC_LITERAL_CONVERSION = YES;
				CLANG_WARN_OBJC_ROOT_CLASS = YES_ERROR;
				CLANG_WARN_QUOTED_INCLUDE_IN_FRAMEWORK_HEADER = YES;
				CLANG_WARN_RANGE_LOOP_ANALYSIS = YES;
				CLANG_WARN_STRICT_PROTOTYPES = YES;
				CLANG_WARN_SUSPICIOUS_MOVE = YES;
				CLANG_WARN_UNGUARDED_AVAILABILITY = YES_AGGRESSIVE;
				CLANG_WARN_UNREACHABLE_CODE = YES;
				CLANG_WARN__DUPLICATE_METHOD_MATCH = YES;
				COPY_PHASE_STRIP = NO;
				DEBUG_INFORMATION_FORMAT = "dwarf-with-dsym";
				ENABLE_NS_ASSERTIONS = NO;
				ENABLE_STRICT_OBJC_MSGSEND = YES;
				GCC_C_LANGUAGE_STANDARD = gnu11;
				GCC_NO_COMMON_BLOCKS = YES;
				GCC_WARN_64_TO_32_BIT_CONVERSION = YES;
				GCC_WARN_ABOUT_RETURN_TYPE = YES_ERROR;
				GCC_WARN_UNDECLARED_SELECTOR = YES;
				GCC_WARN_UNINITIALIZED_AUTOS = YES_AGGRESSIVE;
				GCC_WARN_UNUSED_FUNCTION = YES;
				GCC_WARN_UNUSED_VARIABLE = YES;
				IPHONEOS_DEPLOYMENT_TARGET = 14.1;
				MTL_ENABLE_DEBUG_INFO = NO;
				MTL_FAST_MATH = YES;
				SDKROOT = iphoneos;
				SWIFT_COMPILATION_MODE = wholemodule;
				SWIFT_OPTIMIZATION_LEVEL = "-O";
				VALIDATE_PRODUCT = YES;
			};
			name = Release;
		};
		EA5E76892557ABF200BB85D3 /* Debug */ = {
			isa = XCBuildConfiguration;
			buildSettings = {
				ASSETCATALOG_COMPILER_APPICON_NAME = AppIcon;
				ASSETCATALOG_COMPILER_GLOBAL_ACCENT_COLOR_NAME = AccentColor;
				CODE_SIGN_STYLE = Automatic;
				DEVELOPMENT_TEAM = 68663464K3;
				INFOPLIST_FILE = PresentViewControllerInFourWays/Info.plist;
				LD_RUNPATH_SEARCH_PATHS = (
					"$(inherited)",
					"@executable_path/Frameworks",
				);
				PRODUCT_BUNDLE_IDENTIFIER = com.doyeon.PresentViewControllerInFourWays;
				PRODUCT_NAME = "$(TARGET_NAME)";
				SWIFT_VERSION = 5.0;
				TARGETED_DEVICE_FAMILY = "1,2";
			};
			name = Debug;
		};
		EA5E768A2557ABF200BB85D3 /* Release */ = {
			isa = XCBuildConfiguration;
			buildSettings = {
				ASSETCATALOG_COMPILER_APPICON_NAME = AppIcon;
				ASSETCATALOG_COMPILER_GLOBAL_ACCENT_COLOR_NAME = AccentColor;
				CODE_SIGN_STYLE = Automatic;
				DEVELOPMENT_TEAM = 68663464K3;
				INFOPLIST_FILE = PresentViewControllerInFourWays/Info.plist;
				LD_RUNPATH_SEARCH_PATHS = (
					"$(inherited)",
					"@executable_path/Frameworks",
				);
				PRODUCT_BUNDLE_IDENTIFIER = com.doyeon.PresentViewControllerInFourWays;
				PRODUCT_NAME = "$(TARGET_NAME)";
				SWIFT_VERSION = 5.0;
				TARGETED_DEVICE_FAMILY = "1,2";
			};
			name = Release;
		};
/* End XCBuildConfiguration section */

/* Begin XCConfigurationList section */
		EA5E766F2557ABEE00BB85D3 /* Build configuration list for PBXProject "PresentViewControllerInFourWays" */ = {
			isa = XCConfigurationList;
			buildConfigurations = (
				EA5E76862557ABF200BB85D3 /* Debug */,
				EA5E76872557ABF200BB85D3 /* Release */,
			);
			defaultConfigurationIsVisible = 0;
			defaultConfigurationName = Release;
		};
		EA5E76882557ABF200BB85D3 /* Build configuration list for PBXNativeTarget "PresentViewControllerInFourWays" */ = {
			isa = XCConfigurationList;
			buildConfigurations = (
				EA5E76892557ABF200BB85D3 /* Debug */,
				EA5E768A2557ABF200BB85D3 /* Release */,
			);
			defaultConfigurationIsVisible = 0;
			defaultConfigurationName = Release;
		};
/* End XCConfigurationList section */
	};
	rootObject = EA5E766C2557ABEE00BB85D3 /* Project object */;
}
