// !$*UTF8*$!
{
	archiveVersion = 1;
	classes = {
	};
	objectVersion = 50;
	objects = {

/* Begin PBXBuildFile section */
		EAA3A52E24F29F5A00CC15D6 /* AppDelegate.swift in Sources */ = {isa = PBXBuildFile; fileRef = EAA3A52D24F29F5A00CC15D6 /* AppDelegate.swift */; };
		EAA3A53024F29F5A00CC15D6 /* SceneDelegate.swift in Sources */ = {isa = PBXBuildFile; fileRef = EAA3A52F24F29F5A00CC15D6 /* SceneDelegate.swift */; };
		EAA3A53224F29F5A00CC15D6 /* ViewController.swift in Sources */ = {isa = PBXBuildFile; fileRef = EAA3A53124F29F5A00CC15D6 /* ViewController.swift */; };
		EAA3A53524F29F5A00CC15D6 /* Main.storyboard in Resources */ = {isa = PBXBuildFile; fileRef = EAA3A53324F29F5A00CC15D6 /* Main.storyboard */; };
		EAA3A53724F29F5A00CC15D6 /* Assets.xcassets in Resources */ = {isa = PBXBuildFile; fileRef = EAA3A53624F29F5A00CC15D6 /* Assets.xcassets */; };
		EAA3A53A24F29F5A00CC15D6 /* LaunchScreen.storyboard in Resources */ = {isa = PBXBuildFile; fileRef = EAA3A53824F29F5A00CC15D6 /* LaunchScreen.storyboard */; };
		EAA3A54224F2A59E00CC15D6 /* CountryTableViewCell.swift in Sources */ = {isa = PBXBuildFile; fileRef = EAA3A54124F2A59E00CC15D6 /* CountryTableViewCell.swift */; };
		EAA3A54424F3E7B100CC15D6 /* CityViewController.swift in Sources */ = {isa = PBXBuildFile; fileRef = EAA3A54324F3E7B100CC15D6 /* CityViewController.swift */; };
		EAA3A54624F3F65A00CC15D6 /* AddViewViewController.swift in Sources */ = {isa = PBXBuildFile; fileRef = EAA3A54524F3F65A00CC15D6 /* AddViewViewController.swift */; };
		EAA3A56E24F4F51D00CC15D6 /* Countries.swift in Sources */ = {isa = PBXBuildFile; fileRef = EAA3A56D24F4F51D00CC15D6 /* Countries.swift */; };
		EAA3A57224F4FFF000CC15D6 /* CityTableViewCell.swift in Sources */ = {isa = PBXBuildFile; fileRef = EAA3A57124F4FFF000CC15D6 /* CityTableViewCell.swift */; };
		EAA3A57424F518FC00CC15D6 /* DetailViewController.swift in Sources */ = {isa = PBXBuildFile; fileRef = EAA3A57324F518FC00CC15D6 /* DetailViewController.swift */; };
/* End PBXBuildFile section */

/* Begin PBXFileReference section */
		EAA3A52A24F29F5A00CC15D6 /* Weather.app */ = {isa = PBXFileReference; explicitFileType = wrapper.application; includeInIndex = 0; path = Weather.app; sourceTree = BUILT_PRODUCTS_DIR; };
		EAA3A52D24F29F5A00CC15D6 /* AppDelegate.swift */ = {isa = PBXFileReference; lastKnownFileType = sourcecode.swift; path = AppDelegate.swift; sourceTree = "<group>"; };
		EAA3A52F24F29F5A00CC15D6 /* SceneDelegate.swift */ = {isa = PBXFileReference; lastKnownFileType = sourcecode.swift; path = SceneDelegate.swift; sourceTree = "<group>"; };
		EAA3A53124F29F5A00CC15D6 /* ViewController.swift */ = {isa = PBXFileReference; lastKnownFileType = sourcecode.swift; path = ViewController.swift; sourceTree = "<group>"; };
		EAA3A53424F29F5A00CC15D6 /* Base */ = {isa = PBXFileReference; lastKnownFileType = file.storyboard; name = Base; path = Base.lproj/Main.storyboard; sourceTree = "<group>"; };
		EAA3A53624F29F5A00CC15D6 /* Assets.xcassets */ = {isa = PBXFileReference; lastKnownFileType = folder.assetcatalog; path = Assets.xcassets; sourceTree = "<group>"; };
		EAA3A53924F29F5A00CC15D6 /* Base */ = {isa = PBXFileReference; lastKnownFileType = file.storyboard; name = Base; path = Base.lproj/LaunchScreen.storyboard; sourceTree = "<group>"; };
		EAA3A53B24F29F5A00CC15D6 /* Info.plist */ = {isa = PBXFileReference; lastKnownFileType = text.plist.xml; path = Info.plist; sourceTree = "<group>"; };
		EAA3A54124F2A59E00CC15D6 /* CountryTableViewCell.swift */ = {isa = PBXFileReference; lastKnownFileType = sourcecode.swift; path = CountryTableViewCell.swift; sourceTree = "<group>"; };
		EAA3A54324F3E7B100CC15D6 /* CityViewController.swift */ = {isa = PBXFileReference; lastKnownFileType = sourcecode.swift; path = CityViewController.swift; sourceTree = "<group>"; };
		EAA3A54524F3F65A00CC15D6 /* AddViewViewController.swift */ = {isa = PBXFileReference; lastKnownFileType = sourcecode.swift; path = AddViewViewController.swift; sourceTree = "<group>"; };
		EAA3A56D24F4F51D00CC15D6 /* Countries.swift */ = {isa = PBXFileReference; lastKnownFileType = sourcecode.swift; path = Countries.swift; sourceTree = "<group>"; };
		EAA3A57124F4FFF000CC15D6 /* CityTableViewCell.swift */ = {isa = PBXFileReference; lastKnownFileType = sourcecode.swift; path = CityTableViewCell.swift; sourceTree = "<group>"; };
		EAA3A57324F518FC00CC15D6 /* DetailViewController.swift */ = {isa = PBXFileReference; lastKnownFileType = sourcecode.swift; path = DetailViewController.swift; sourceTree = "<group>"; };
/* End PBXFileReference section */

/* Begin PBXFrameworksBuildPhase section */
		EAA3A52724F29F5A00CC15D6 /* Frameworks */ = {
			isa = PBXFrameworksBuildPhase;
			buildActionMask = 2147483647;
			files = (
			);
			runOnlyForDeploymentPostprocessing = 0;
		};
/* End PBXFrameworksBuildPhase section */

/* Begin PBXGroup section */
		EAA3A52124F29F5A00CC15D6 = {
			isa = PBXGroup;
			children = (
				EAA3A52C24F29F5A00CC15D6 /* Weather */,
				EAA3A52B24F29F5A00CC15D6 /* Products */,
			);
			sourceTree = "<group>";
		};
		EAA3A52B24F29F5A00CC15D6 /* Products */ = {
			isa = PBXGroup;
			children = (
				EAA3A52A24F29F5A00CC15D6 /* Weather.app */,
			);
			name = Products;
			sourceTree = "<group>";
		};
		EAA3A52C24F29F5A00CC15D6 /* Weather */ = {
			isa = PBXGroup;
			children = (
				EAA3A57124F4FFF000CC15D6 /* CityTableViewCell.swift */,
				EAA3A52D24F29F5A00CC15D6 /* AppDelegate.swift */,
				EAA3A52F24F29F5A00CC15D6 /* SceneDelegate.swift */,
				EAA3A53124F29F5A00CC15D6 /* ViewController.swift */,
				EAA3A53324F29F5A00CC15D6 /* Main.storyboard */,
				EAA3A57324F518FC00CC15D6 /* DetailViewController.swift */,
				EAA3A56D24F4F51D00CC15D6 /* Countries.swift */,
				EAA3A54524F3F65A00CC15D6 /* AddViewViewController.swift */,
				EAA3A54324F3E7B100CC15D6 /* CityViewController.swift */,
				EAA3A54124F2A59E00CC15D6 /* CountryTableViewCell.swift */,
				EAA3A53624F29F5A00CC15D6 /* Assets.xcassets */,
				EAA3A53824F29F5A00CC15D6 /* LaunchScreen.storyboard */,
				EAA3A53B24F29F5A00CC15D6 /* Info.plist */,
			);
			path = Weather;
			sourceTree = "<group>";
		};
/* End PBXGroup section */

/* Begin PBXNativeTarget section */
		EAA3A52924F29F5A00CC15D6 /* Weather */ = {
			isa = PBXNativeTarget;
			buildConfigurationList = EAA3A53E24F29F5A00CC15D6 /* Build configuration list for PBXNativeTarget "Weather" */;
			buildPhases = (
				EAA3A52624F29F5A00CC15D6 /* Sources */,
				EAA3A52724F29F5A00CC15D6 /* Frameworks */,
				EAA3A52824F29F5A00CC15D6 /* Resources */,
			);
			buildRules = (
			);
			dependencies = (
			);
			name = Weather;
			productName = Weather;
			productReference = EAA3A52A24F29F5A00CC15D6 /* Weather.app */;
			productType = "com.apple.product-type.application";
		};
/* End PBXNativeTarget section */

/* Begin PBXProject section */
		EAA3A52224F29F5A00CC15D6 /* Project object */ = {
			isa = PBXProject;
			attributes = {
				LastSwiftUpdateCheck = 1150;
				LastUpgradeCheck = 1150;
				ORGANIZATIONNAME = "Tony Jung";
				TargetAttributes = {
					EAA3A52924F29F5A00CC15D6 = {
						CreatedOnToolsVersion = 11.5;
					};
				};
			};
			buildConfigurationList = EAA3A52524F29F5A00CC15D6 /* Build configuration list for PBXProject "Weather" */;
			compatibilityVersion = "Xcode 9.3";
			developmentRegion = en;
			hasScannedForEncodings = 0;
			knownRegions = (
				en,
				Base,
			);
			mainGroup = EAA3A52124F29F5A00CC15D6;
			productRefGroup = EAA3A52B24F29F5A00CC15D6 /* Products */;
			projectDirPath = "";
			projectRoot = "";
			targets = (
				EAA3A52924F29F5A00CC15D6 /* Weather */,
			);
		};
/* End PBXProject section */

/* Begin PBXResourcesBuildPhase section */
		EAA3A52824F29F5A00CC15D6 /* Resources */ = {
			isa = PBXResourcesBuildPhase;
			buildActionMask = 2147483647;
			files = (
				EAA3A53A24F29F5A00CC15D6 /* LaunchScreen.storyboard in Resources */,
				EAA3A53724F29F5A00CC15D6 /* Assets.xcassets in Resources */,
				EAA3A53524F29F5A00CC15D6 /* Main.storyboard in Resources */,
			);
			runOnlyForDeploymentPostprocessing = 0;
		};
/* End PBXResourcesBuildPhase section */

/* Begin PBXSourcesBuildPhase section */
		EAA3A52624F29F5A00CC15D6 /* Sources */ = {
			isa = PBXSourcesBuildPhase;
			buildActionMask = 2147483647;
			files = (
				EAA3A57424F518FC00CC15D6 /* DetailViewController.swift in Sources */,
				EAA3A54224F2A59E00CC15D6 /* CountryTableViewCell.swift in Sources */,
				EAA3A54424F3E7B100CC15D6 /* CityViewController.swift in Sources */,
				EAA3A53224F29F5A00CC15D6 /* ViewController.swift in Sources */,
				EAA3A54624F3F65A00CC15D6 /* AddViewViewController.swift in Sources */,
				EAA3A52E24F29F5A00CC15D6 /* AppDelegate.swift in Sources */,
				EAA3A56E24F4F51D00CC15D6 /* Countries.swift in Sources */,
				EAA3A57224F4FFF000CC15D6 /* CityTableViewCell.swift in Sources */,
				EAA3A53024F29F5A00CC15D6 /* SceneDelegate.swift in Sources */,
			);
			runOnlyForDeploymentPostprocessing = 0;
		};
/* End PBXSourcesBuildPhase section */

/* Begin PBXVariantGroup section */
		EAA3A53324F29F5A00CC15D6 /* Main.storyboard */ = {
			isa = PBXVariantGroup;
			children = (
				EAA3A53424F29F5A00CC15D6 /* Base */,
			);
			name = Main.storyboard;
			sourceTree = "<group>";
		};
		EAA3A53824F29F5A00CC15D6 /* LaunchScreen.storyboard */ = {
			isa = PBXVariantGroup;
			children = (
				EAA3A53924F29F5A00CC15D6 /* Base */,
			);
			name = LaunchScreen.storyboard;
			sourceTree = "<group>";
		};
/* End PBXVariantGroup section */

/* Begin XCBuildConfiguration section */
		EAA3A53C24F29F5A00CC15D6 /* Debug */ = {
			isa = XCBuildConfiguration;
			buildSettings = {
				ALWAYS_SEARCH_USER_PATHS = NO;
				CLANG_ANALYZER_NONNULL = YES;
				CLANG_ANALYZER_NUMBER_OBJECT_CONVERSION = YES_AGGRESSIVE;
				CLANG_CXX_LANGUAGE_STANDARD = "gnu++14";
				CLANG_CXX_LIBRARY = "libc++";
				CLANG_ENABLE_MODULES = YES;
				CLANG_ENABLE_OBJC_ARC = YES;
				CLANG_ENABLE_OBJC_WEAK = YES;
				CLANG_WARN_BLOCK_CAPTURE_AUTORELEASING = YES;
				CLANG_WARN_BOOL_CONVERSION = YES;
				CLANG_WARN_COMMA = YES;
				CLANG_WARN_CONSTANT_CONVERSION = YES;
				CLANG_WARN_DEPRECATED_OBJC_IMPLEMENTATIONS = YES;
				CLANG_WARN_DIRECT_OBJC_ISA_USAGE = YES_ERROR;
				CLANG_WARN_DOCUMENTATION_COMMENTS = YES;
				CLANG_WARN_EMPTY_BODY = YES;
				CLANG_WARN_ENUM_CONVERSION = YES;
				CLANG_WARN_INFINITE_RECURSION = YES;
				CLANG_WARN_INT_CONVERSION = YES;
				CLANG_WARN_NON_LITERAL_NULL_CONVERSION = YES;
				CLANG_WARN_OBJC_IMPLICIT_RETAIN_SELF = YES;
				CLANG_WARN_OBJC_LITERAL_CONVERSION = YES;
				CLANG_WARN_OBJC_ROOT_CLASS = YES_ERROR;
				CLANG_WARN_RANGE_LOOP_ANALYSIS = YES;
				CLANG_WARN_STRICT_PROTOTYPES = YES;
				CLANG_WARN_SUSPICIOUS_MOVE = YES;
				CLANG_WARN_UNGUARDED_AVAILABILITY = YES_AGGRESSIVE;
				CLANG_WARN_UNREACHABLE_CODE = YES;
				CLANG_WARN__DUPLICATE_METHOD_MATCH = YES;
				COPY_PHASE_STRIP = NO;
				DEBUG_INFORMATION_FORMAT = dwarf;
				ENABLE_STRICT_OBJC_MSGSEND = YES;
				ENABLE_TESTABILITY = YES;
				GCC_C_LANGUAGE_STANDARD = gnu11;
				GCC_DYNAMIC_NO_PIC = NO;
				GCC_NO_COMMON_BLOCKS = YES;
				GCC_OPTIMIZATION_LEVEL = 0;
				GCC_PREPROCESSOR_DEFINITIONS = (
					"DEBUG=1",
					"$(inherited)",
				);
				GCC_WARN_64_TO_32_BIT_CONVERSION = YES;
				GCC_WARN_ABOUT_RETURN_TYPE = YES_ERROR;
				GCC_WARN_UNDECLARED_SELECTOR = YES;
				GCC_WARN_UNINITIALIZED_AUTOS = YES_AGGRESSIVE;
				GCC_WARN_UNUSED_FUNCTION = YES;
				GCC_WARN_UNUSED_VARIABLE = YES;
				IPHONEOS_DEPLOYMENT_TARGET = 13.5;
				MTL_ENABLE_DEBUG_INFO = INCLUDE_SOURCE;
				MTL_FAST_MATH = YES;
				ONLY_ACTIVE_ARCH = YES;
				SDKROOT = iphoneos;
				SWIFT_ACTIVE_COMPILATION_CONDITIONS = DEBUG;
				SWIFT_OPTIMIZATION_LEVEL = "-Onone";
			};
			name = Debug;
		};
		EAA3A53D24F29F5A00CC15D6 /* Release */ = {
			isa = XCBuildConfiguration;
			buildSettings = {
				ALWAYS_SEARCH_USER_PATHS = NO;
				CLANG_ANALYZER_NONNULL = YES;
				CLANG_ANALYZER_NUMBER_OBJECT_CONVERSION = YES_AGGRESSIVE;
				CLANG_CXX_LANGUAGE_STANDARD = "gnu++14";
				CLANG_CXX_LIBRARY = "libc++";
				CLANG_ENABLE_MODULES = YES;
				CLANG_ENABLE_OBJC_ARC = YES;
				CLANG_ENABLE_OBJC_WEAK = YES;
				CLANG_WARN_BLOCK_CAPTURE_AUTORELEASING = YES;
				CLANG_WARN_BOOL_CONVERSION = YES;
				CLANG_WARN_COMMA = YES;
				CLANG_WARN_CONSTANT_CONVERSION = YES;
				CLANG_WARN_DEPRECATED_OBJC_IMPLEMENTATIONS = YES;
				CLANG_WARN_DIRECT_OBJC_ISA_USAGE = YES_ERROR;
				CLANG_WARN_DOCUMENTATION_COMMENTS = YES;
				CLANG_WARN_EMPTY_BODY = YES;
				CLANG_WARN_ENUM_CONVERSION = YES;
				CLANG_WARN_INFINITE_RECURSION = YES;
				CLANG_WARN_INT_CONVERSION = YES;
				CLANG_WARN_NON_LITERAL_NULL_CONVERSION = YES;
				CLANG_WARN_OBJC_IMPLICIT_RETAIN_SELF = YES;
				CLANG_WARN_OBJC_LITERAL_CONVERSION = YES;
				CLANG_WARN_OBJC_ROOT_CLASS = YES_ERROR;
				CLANG_WARN_RANGE_LOOP_ANALYSIS = YES;
				CLANG_WARN_STRICT_PROTOTYPES = YES;
				CLANG_WARN_SUSPICIOUS_MOVE = YES;
				CLANG_WARN_UNGUARDED_AVAILABILITY = YES_AGGRESSIVE;
				CLANG_WARN_UNREACHABLE_CODE = YES;
				CLANG_WARN__DUPLICATE_METHOD_MATCH = YES;
				COPY_PHASE_STRIP = NO;
				DEBUG_INFORMATION_FORMAT = "dwarf-with-dsym";
				ENABLE_NS_ASSERTIONS = NO;
				ENABLE_STRICT_OBJC_MSGSEND = YES;
				GCC_C_LANGUAGE_STANDARD = gnu11;
				GCC_NO_COMMON_BLOCKS = YES;
				GCC_WARN_64_TO_32_BIT_CONVERSION = YES;
				GCC_WARN_ABOUT_RETURN_TYPE = YES_ERROR;
				GCC_WARN_UNDECLARED_SELECTOR = YES;
				GCC_WARN_UNINITIALIZED_AUTOS = YES_AGGRESSIVE;
				GCC_WARN_UNUSED_FUNCTION = YES;
				GCC_WARN_UNUSED_VARIABLE = YES;
				IPHONEOS_DEPLOYMENT_TARGET = 13.5;
				MTL_ENABLE_DEBUG_INFO = NO;
				MTL_FAST_MATH = YES;
				SDKROOT = iphoneos;
				SWIFT_COMPILATION_MODE = wholemodule;
				SWIFT_OPTIMIZATION_LEVEL = "-O";
				VALIDATE_PRODUCT = YES;
			};
			name = Release;
		};
		EAA3A53F24F29F5A00CC15D6 /* Debug */ = {
			isa = XCBuildConfiguration;
			buildSettings = {
				ASSETCATALOG_COMPILER_APPICON_NAME = AppIcon;
				CODE_SIGN_STYLE = Automatic;
				INFOPLIST_FILE = Weather/Info.plist;
				LD_RUNPATH_SEARCH_PATHS = (
					"$(inherited)",
					"@executable_path/Frameworks",
				);
				PRODUCT_BUNDLE_IDENTIFIER = com.doyeon.Weather;
				PRODUCT_NAME = "$(TARGET_NAME)";
				SWIFT_VERSION = 5.0;
				TARGETED_DEVICE_FAMILY = "1,2";
			};
			name = Debug;
		};
		EAA3A54024F29F5A00CC15D6 /* Release */ = {
			isa = XCBuildConfiguration;
			buildSettings = {
				ASSETCATALOG_COMPILER_APPICON_NAME = AppIcon;
				CODE_SIGN_STYLE = Automatic;
				INFOPLIST_FILE = Weather/Info.plist;
				LD_RUNPATH_SEARCH_PATHS = (
					"$(inherited)",
					"@executable_path/Frameworks",
				);
				PRODUCT_BUNDLE_IDENTIFIER = com.doyeon.Weather;
				PRODUCT_NAME = "$(TARGET_NAME)";
				SWIFT_VERSION = 5.0;
				TARGETED_DEVICE_FAMILY = "1,2";
			};
			name = Release;
		};
/* End XCBuildConfiguration section */

/* Begin XCConfigurationList section */
		EAA3A52524F29F5A00CC15D6 /* Build configuration list for PBXProject "Weather" */ = {
			isa = XCConfigurationList;
			buildConfigurations = (
				EAA3A53C24F29F5A00CC15D6 /* Debug */,
				EAA3A53D24F29F5A00CC15D6 /* Release */,
			);
			defaultConfigurationIsVisible = 0;
			defaultConfigurationName = Release;
		};
		EAA3A53E24F29F5A00CC15D6 /* Build configuration list for PBXNativeTarget "Weather" */ = {
			isa = XCConfigurationList;
			buildConfigurations = (
				EAA3A53F24F29F5A00CC15D6 /* Debug */,
				EAA3A54024F29F5A00CC15D6 /* Release */,
			);
			defaultConfigurationIsVisible = 0;
			defaultConfigurationName = Release;
		};
/* End XCConfigurationList section */
	};
	rootObject = EAA3A52224F29F5A00CC15D6 /* Project object */;
}
