// !$*UTF8*$!
{
	archiveVersion = 1;
	classes = {
	};
	objectVersion = 51;
	objects = {

/* Begin PBXBuildFile section */
		EA0A890125D019D00092C5FB /* CoreAnimationViewController.swift in Sources */ = {isa = PBXBuildFile; fileRef = EA0A890025D019CF0092C5FB /* CoreAnimationViewController.swift */; };
		EA0A890825D25DB80092C5FB /* CoreAnimationSimpleViewController.swift in Sources */ = {isa = PBXBuildFile; fileRef = EA0A890725D25DB80092C5FB /* CoreAnimationSimpleViewController.swift */; };
		EA46C25625DA3BB5001DC3FB /* UIAnimationViewController.swift in Sources */ = {isa = PBXBuildFile; fileRef = EA46C25525DA3BB5001DC3FB /* UIAnimationViewController.swift */; };
		EA59B8CF25CFA3FF0067A837 /* AppDelegate.swift in Sources */ = {isa = PBXBuildFile; fileRef = EA59B8CE25CFA3FF0067A837 /* AppDelegate.swift */; };
		EA59B8D125CFA3FF0067A837 /* SceneDelegate.swift in Sources */ = {isa = PBXBuildFile; fileRef = EA59B8D025CFA3FF0067A837 /* SceneDelegate.swift */; };
		EA59B8D325CFA3FF0067A837 /* ViewController.swift in Sources */ = {isa = PBXBuildFile; fileRef = EA59B8D225CFA3FF0067A837 /* ViewController.swift */; };
		EA59B8D625CFA4000067A837 /* Main.storyboard in Resources */ = {isa = PBXBuildFile; fileRef = EA59B8D425CFA4000067A837 /* Main.storyboard */; };
		EA59B8D825CFA40E0067A837 /* Assets.xcassets in Resources */ = {isa = PBXBuildFile; fileRef = EA59B8D725CFA40E0067A837 /* Assets.xcassets */; };
		EA59B8DB25CFA40E0067A837 /* LaunchScreen.storyboard in Resources */ = {isa = PBXBuildFile; fileRef = EA59B8D925CFA40E0067A837 /* LaunchScreen.storyboard */; };
		EA59B8E425CFB8B30067A837 /* ParallaxEffectViewController.swift in Sources */ = {isa = PBXBuildFile; fileRef = EA59B8E325CFB8B30067A837 /* ParallaxEffectViewController.swift */; };
		F3EC821175A3E366C23F826F /* Pods_Animation.framework in Frameworks */ = {isa = PBXBuildFile; fileRef = CCB1709A8A724CB4A1F70459 /* Pods_Animation.framework */; };
/* End PBXBuildFile section */

/* Begin PBXFileReference section */
		51B14D3007C3B4089538B7FD /* Pods-Animation.debug.xcconfig */ = {isa = PBXFileReference; includeInIndex = 1; lastKnownFileType = text.xcconfig; name = "Pods-Animation.debug.xcconfig"; path = "Target Support Files/Pods-Animation/Pods-Animation.debug.xcconfig"; sourceTree = "<group>"; };
		CCB1709A8A724CB4A1F70459 /* Pods_Animation.framework */ = {isa = PBXFileReference; explicitFileType = wrapper.framework; includeInIndex = 0; path = Pods_Animation.framework; sourceTree = BUILT_PRODUCTS_DIR; };
		D53DF24DB32533B2F4B0A64B /* Pods-Animation.release.xcconfig */ = {isa = PBXFileReference; includeInIndex = 1; lastKnownFileType = text.xcconfig; name = "Pods-Animation.release.xcconfig"; path = "Target Support Files/Pods-Animation/Pods-Animation.release.xcconfig"; sourceTree = "<group>"; };
		EA0A890025D019CF0092C5FB /* CoreAnimationViewController.swift */ = {isa = PBXFileReference; lastKnownFileType = sourcecode.swift; path = CoreAnimationViewController.swift; sourceTree = "<group>"; };
		EA0A890725D25DB80092C5FB /* CoreAnimationSimpleViewController.swift */ = {isa = PBXFileReference; lastKnownFileType = sourcecode.swift; path = CoreAnimationSimpleViewController.swift; sourceTree = "<group>"; };
		EA46C25525DA3BB5001DC3FB /* UIAnimationViewController.swift */ = {isa = PBXFileReference; lastKnownFileType = sourcecode.swift; path = UIAnimationViewController.swift; sourceTree = "<group>"; };
		EA59B8CB25CFA3FF0067A837 /* Animation.app */ = {isa = PBXFileReference; explicitFileType = wrapper.application; includeInIndex = 0; path = Animation.app; sourceTree = BUILT_PRODUCTS_DIR; };
		EA59B8CE25CFA3FF0067A837 /* AppDelegate.swift */ = {isa = PBXFileReference; lastKnownFileType = sourcecode.swift; path = AppDelegate.swift; sourceTree = "<group>"; };
		EA59B8D025CFA3FF0067A837 /* SceneDelegate.swift */ = {isa = PBXFileReference; lastKnownFileType = sourcecode.swift; path = SceneDelegate.swift; sourceTree = "<group>"; };
		EA59B8D225CFA3FF0067A837 /* ViewController.swift */ = {isa = PBXFileReference; lastKnownFileType = sourcecode.swift; path = ViewController.swift; sourceTree = "<group>"; };
		EA59B8D525CFA4000067A837 /* Base */ = {isa = PBXFileReference; lastKnownFileType = file.storyboard; name = Base; path = Base.lproj/Main.storyboard; sourceTree = "<group>"; };
		EA59B8D725CFA40E0067A837 /* Assets.xcassets */ = {isa = PBXFileReference; lastKnownFileType = folder.assetcatalog; path = Assets.xcassets; sourceTree = "<group>"; };
		EA59B8DA25CFA40E0067A837 /* Base */ = {isa = PBXFileReference; lastKnownFileType = file.storyboard; name = Base; path = Base.lproj/LaunchScreen.storyboard; sourceTree = "<group>"; };
		EA59B8DC25CFA40E0067A837 /* Info.plist */ = {isa = PBXFileReference; lastKnownFileType = text.plist.xml; path = Info.plist; sourceTree = "<group>"; };
		EA59B8E325CFB8B30067A837 /* ParallaxEffectViewController.swift */ = {isa = PBXFileReference; lastKnownFileType = sourcecode.swift; path = ParallaxEffectViewController.swift; sourceTree = "<group>"; };
/* End PBXFileReference section */

/* Begin PBXFrameworksBuildPhase section */
		EA59B8C825CFA3FF0067A837 /* Frameworks */ = {
			isa = PBXFrameworksBuildPhase;
			buildActionMask = 2147483647;
			files = (
				F3EC821175A3E366C23F826F /* Pods_Animation.framework in Frameworks */,
			);
			runOnlyForDeploymentPostprocessing = 0;
		};
/* End PBXFrameworksBuildPhase section */

/* Begin PBXGroup section */
		A49AC5B456E62E9755E97904 /* Frameworks */ = {
			isa = PBXGroup;
			children = (
				CCB1709A8A724CB4A1F70459 /* Pods_Animation.framework */,
			);
			name = Frameworks;
			sourceTree = "<group>";
		};
		A9ABD6D11A5AA01057799FCE /* Pods */ = {
			isa = PBXGroup;
			children = (
				51B14D3007C3B4089538B7FD /* Pods-Animation.debug.xcconfig */,
				D53DF24DB32533B2F4B0A64B /* Pods-Animation.release.xcconfig */,
			);
			path = Pods;
			sourceTree = "<group>";
		};
		EA59B8C225CFA3FF0067A837 = {
			isa = PBXGroup;
			children = (
				EA59B8CD25CFA3FF0067A837 /* Animation */,
				EA59B8CC25CFA3FF0067A837 /* Products */,
				A9ABD6D11A5AA01057799FCE /* Pods */,
				A49AC5B456E62E9755E97904 /* Frameworks */,
			);
			sourceTree = "<group>";
		};
		EA59B8CC25CFA3FF0067A837 /* Products */ = {
			isa = PBXGroup;
			children = (
				EA59B8CB25CFA3FF0067A837 /* Animation.app */,
			);
			name = Products;
			sourceTree = "<group>";
		};
		EA59B8CD25CFA3FF0067A837 /* Animation */ = {
			isa = PBXGroup;
			children = (
				EA59B8CE25CFA3FF0067A837 /* AppDelegate.swift */,
				EA59B8E325CFB8B30067A837 /* ParallaxEffectViewController.swift */,
				EA59B8D025CFA3FF0067A837 /* SceneDelegate.swift */,
				EA59B8D225CFA3FF0067A837 /* ViewController.swift */,
				EA59B8D425CFA4000067A837 /* Main.storyboard */,
				EA0A890025D019CF0092C5FB /* CoreAnimationViewController.swift */,
				EA59B8D725CFA40E0067A837 /* Assets.xcassets */,
				EA59B8D925CFA40E0067A837 /* LaunchScreen.storyboard */,
				EA59B8DC25CFA40E0067A837 /* Info.plist */,
				EA0A890725D25DB80092C5FB /* CoreAnimationSimpleViewController.swift */,
				EA46C25525DA3BB5001DC3FB /* UIAnimationViewController.swift */,
			);
			path = Animation;
			sourceTree = "<group>";
		};
/* End PBXGroup section */

/* Begin PBXNativeTarget section */
		EA59B8CA25CFA3FF0067A837 /* Animation */ = {
			isa = PBXNativeTarget;
			buildConfigurationList = EA59B8DF25CFA40F0067A837 /* Build configuration list for PBXNativeTarget "Animation" */;
			buildPhases = (
				29A737F6F7A0D4958C731094 /* [CP] Check Pods Manifest.lock */,
				EA59B8C725CFA3FF0067A837 /* Sources */,
				EA59B8C825CFA3FF0067A837 /* Frameworks */,
				EA59B8C925CFA3FF0067A837 /* Resources */,
				AB60A54BD715889EA2829D28 /* [CP] Embed Pods Frameworks */,
			);
			buildRules = (
			);
			dependencies = (
			);
			name = Animation;
			productName = Animation;
			productReference = EA59B8CB25CFA3FF0067A837 /* Animation.app */;
			productType = "com.apple.product-type.application";
		};
/* End PBXNativeTarget section */

/* Begin PBXProject section */
		EA59B8C325CFA3FF0067A837 /* Project object */ = {
			isa = PBXProject;
			attributes = {
				LastSwiftUpdateCheck = 1240;
				LastUpgradeCheck = 1240;
				TargetAttributes = {
					EA59B8CA25CFA3FF0067A837 = {
						CreatedOnToolsVersion = 12.4;
					};
				};
			};
			buildConfigurationList = EA59B8C625CFA3FF0067A837 /* Build configuration list for PBXProject "Animation" */;
			compatibilityVersion = "Xcode 9.3";
			developmentRegion = en;
			hasScannedForEncodings = 0;
			knownRegions = (
				en,
				Base,
			);
			mainGroup = EA59B8C225CFA3FF0067A837;
			productRefGroup = EA59B8CC25CFA3FF0067A837 /* Products */;
			projectDirPath = "";
			projectRoot = "";
			targets = (
				EA59B8CA25CFA3FF0067A837 /* Animation */,
			);
		};
/* End PBXProject section */

/* Begin PBXResourcesBuildPhase section */
		EA59B8C925CFA3FF0067A837 /* Resources */ = {
			isa = PBXResourcesBuildPhase;
			buildActionMask = 2147483647;
			files = (
				EA59B8DB25CFA40E0067A837 /* LaunchScreen.storyboard in Resources */,
				EA59B8D825CFA40E0067A837 /* Assets.xcassets in Resources */,
				EA59B8D625CFA4000067A837 /* Main.storyboard in Resources */,
			);
			runOnlyForDeploymentPostprocessing = 0;
		};
/* End PBXResourcesBuildPhase section */

/* Begin PBXShellScriptBuildPhase section */
		29A737F6F7A0D4958C731094 /* [CP] Check Pods Manifest.lock */ = {
			isa = PBXShellScriptBuildPhase;
			buildActionMask = 2147483647;
			files = (
			);
			inputFileListPaths = (
			);
			inputPaths = (
				"${PODS_PODFILE_DIR_PATH}/Podfile.lock",
				"${PODS_ROOT}/Manifest.lock",
			);
			name = "[CP] Check Pods Manifest.lock";
			outputFileListPaths = (
			);
			outputPaths = (
				"$(DERIVED_FILE_DIR)/Pods-Animation-checkManifestLockResult.txt",
			);
			runOnlyForDeploymentPostprocessing = 0;
			shellPath = /bin/sh;
			shellScript = "diff \"${PODS_PODFILE_DIR_PATH}/Podfile.lock\" \"${PODS_ROOT}/Manifest.lock\" > /dev/null\nif [ $? != 0 ] ; then\n    # print error to STDERR\n    echo \"error: The sandbox is not in sync with the Podfile.lock. Run 'pod install' or update your CocoaPods installation.\" >&2\n    exit 1\nfi\n# This output is used by Xcode 'outputs' to avoid re-running this script phase.\necho \"SUCCESS\" > \"${SCRIPT_OUTPUT_FILE_0}\"\n";
			showEnvVarsInLog = 0;
		};
		AB60A54BD715889EA2829D28 /* [CP] Embed Pods Frameworks */ = {
			isa = PBXShellScriptBuildPhase;
			buildActionMask = 2147483647;
			files = (
			);
			inputFileListPaths = (
				"${PODS_ROOT}/Target Support Files/Pods-Animation/Pods-Animation-frameworks-${CONFIGURATION}-input-files.xcfilelist",
			);
			name = "[CP] Embed Pods Frameworks";
			outputFileListPaths = (
				"${PODS_ROOT}/Target Support Files/Pods-Animation/Pods-Animation-frameworks-${CONFIGURATION}-output-files.xcfilelist",
			);
			runOnlyForDeploymentPostprocessing = 0;
			shellPath = /bin/sh;
			shellScript = "\"${PODS_ROOT}/Target Support Files/Pods-Animation/Pods-Animation-frameworks.sh\"\n";
			showEnvVarsInLog = 0;
		};
/* End PBXShellScriptBuildPhase section */

/* Begin PBXSourcesBuildPhase section */
		EA59B8C725CFA3FF0067A837 /* Sources */ = {
			isa = PBXSourcesBuildPhase;
			buildActionMask = 2147483647;
			files = (
				EA59B8D325CFA3FF0067A837 /* ViewController.swift in Sources */,
				EA59B8CF25CFA3FF0067A837 /* AppDelegate.swift in Sources */,
				EA0A890825D25DB80092C5FB /* CoreAnimationSimpleViewController.swift in Sources */,
				EA59B8E425CFB8B30067A837 /* ParallaxEffectViewController.swift in Sources */,
				EA0A890125D019D00092C5FB /* CoreAnimationViewController.swift in Sources */,
				EA46C25625DA3BB5001DC3FB /* UIAnimationViewController.swift in Sources */,
				EA59B8D125CFA3FF0067A837 /* SceneDelegate.swift in Sources */,
			);
			runOnlyForDeploymentPostprocessing = 0;
		};
/* End PBXSourcesBuildPhase section */

/* Begin PBXVariantGroup section */
		EA59B8D425CFA4000067A837 /* Main.storyboard */ = {
			isa = PBXVariantGroup;
			children = (
				EA59B8D525CFA4000067A837 /* Base */,
			);
			name = Main.storyboard;
			sourceTree = "<group>";
		};
		EA59B8D925CFA40E0067A837 /* LaunchScreen.storyboard */ = {
			isa = PBXVariantGroup;
			children = (
				EA59B8DA25CFA40E0067A837 /* Base */,
			);
			name = LaunchScreen.storyboard;
			sourceTree = "<group>";
		};
/* End PBXVariantGroup section */

/* Begin XCBuildConfiguration section */
		EA59B8DD25CFA40F0067A837 /* Debug */ = {
			isa = XCBuildConfiguration;
			buildSettings = {
				ALWAYS_SEARCH_USER_PATHS = NO;
				CLANG_ANALYZER_NONNULL = YES;
				CLANG_ANALYZER_NUMBER_OBJECT_CONVERSION = YES_AGGRESSIVE;
				CLANG_CXX_LANGUAGE_STANDARD = "gnu++14";
				CLANG_CXX_LIBRARY = "libc++";
				CLANG_ENABLE_MODULES = YES;
				CLANG_ENABLE_OBJC_ARC = YES;
				CLANG_ENABLE_OBJC_WEAK = YES;
				CLANG_WARN_BLOCK_CAPTURE_AUTORELEASING = YES;
				CLANG_WARN_BOOL_CONVERSION = YES;
				CLANG_WARN_COMMA = YES;
				CLANG_WARN_CONSTANT_CONVERSION = YES;
				CLANG_WARN_DEPRECATED_OBJC_IMPLEMENTATIONS = YES;
				CLANG_WARN_DIRECT_OBJC_ISA_USAGE = YES_ERROR;
				CLANG_WARN_DOCUMENTATION_COMMENTS = YES;
				CLANG_WARN_EMPTY_BODY = YES;
				CLANG_WARN_ENUM_CONVERSION = YES;
				CLANG_WARN_INFINITE_RECURSION = YES;
				CLANG_WARN_INT_CONVERSION = YES;
				CLANG_WARN_NON_LITERAL_NULL_CONVERSION = YES;
				CLANG_WARN_OBJC_IMPLICIT_RETAIN_SELF = YES;
				CLANG_WARN_OBJC_LITERAL_CONVERSION = YES;
				CLANG_WARN_OBJC_ROOT_CLASS = YES_ERROR;
				CLANG_WARN_QUOTED_INCLUDE_IN_FRAMEWORK_HEADER = YES;
				CLANG_WARN_RANGE_LOOP_ANALYSIS = YES;
				CLANG_WARN_STRICT_PROTOTYPES = YES;
				CLANG_WARN_SUSPICIOUS_MOVE = YES;
				CLANG_WARN_UNGUARDED_AVAILABILITY = YES_AGGRESSIVE;
				CLANG_WARN_UNREACHABLE_CODE = YES;
				CLANG_WARN__DUPLICATE_METHOD_MATCH = YES;
				COPY_PHASE_STRIP = NO;
				DEBUG_INFORMATION_FORMAT = dwarf;
				ENABLE_STRICT_OBJC_MSGSEND = YES;
				ENABLE_TESTABILITY = YES;
				GCC_C_LANGUAGE_STANDARD = gnu11;
				GCC_DYNAMIC_NO_PIC = NO;
				GCC_NO_COMMON_BLOCKS = YES;
				GCC_OPTIMIZATION_LEVEL = 0;
				GCC_PREPROCESSOR_DEFINITIONS = (
					"DEBUG=1",
					"$(inherited)",
				);
				GCC_WARN_64_TO_32_BIT_CONVERSION = YES;
				GCC_WARN_ABOUT_RETURN_TYPE = YES_ERROR;
				GCC_WARN_UNDECLARED_SELECTOR = YES;
				GCC_WARN_UNINITIALIZED_AUTOS = YES_AGGRESSIVE;
				GCC_WARN_UNUSED_FUNCTION = YES;
				GCC_WARN_UNUSED_VARIABLE = YES;
				IPHONEOS_DEPLOYMENT_TARGET = 14.4;
				MTL_ENABLE_DEBUG_INFO = INCLUDE_SOURCE;
				MTL_FAST_MATH = YES;
				ONLY_ACTIVE_ARCH = YES;
				SDKROOT = iphoneos;
				SWIFT_ACTIVE_COMPILATION_CONDITIONS = DEBUG;
				SWIFT_OPTIMIZATION_LEVEL = "-Onone";
			};
			name = Debug;
		};
		EA59B8DE25CFA40F0067A837 /* Release */ = {
			isa = XCBuildConfiguration;
			buildSettings = {
				ALWAYS_SEARCH_USER_PATHS = NO;
				CLANG_ANALYZER_NONNULL = YES;
				CLANG_ANALYZER_NUMBER_OBJECT_CONVERSION = YES_AGGRESSIVE;
				CLANG_CXX_LANGUAGE_STANDARD = "gnu++14";
				CLANG_CXX_LIBRARY = "libc++";
				CLANG_ENABLE_MODULES = YES;
				CLANG_ENABLE_OBJC_ARC = YES;
				CLANG_ENABLE_OBJC_WEAK = YES;
				CLANG_WARN_BLOCK_CAPTURE_AUTORELEASING = YES;
				CLANG_WARN_BOOL_CONVERSION = YES;
				CLANG_WARN_COMMA = YES;
				CLANG_WARN_CONSTANT_CONVERSION = YES;
				CLANG_WARN_DEPRECATED_OBJC_IMPLEMENTATIONS = YES;
				CLANG_WARN_DIRECT_OBJC_ISA_USAGE = YES_ERROR;
				CLANG_WARN_DOCUMENTATION_COMMENTS = YES;
				CLANG_WARN_EMPTY_BODY = YES;
				CLANG_WARN_ENUM_CONVERSION = YES;
				CLANG_WARN_INFINITE_RECURSION = YES;
				CLANG_WARN_INT_CONVERSION = YES;
				CLANG_WARN_NON_LITERAL_NULL_CONVERSION = YES;
				CLANG_WARN_OBJC_IMPLICIT_RETAIN_SELF = YES;
				CLANG_WARN_OBJC_LITERAL_CONVERSION = YES;
				CLANG_WARN_OBJC_ROOT_CLASS = YES_ERROR;
				CLANG_WARN_QUOTED_INCLUDE_IN_FRAMEWORK_HEADER = YES;
				CLANG_WARN_RANGE_LOOP_ANALYSIS = YES;
				CLANG_WARN_STRICT_PROTOTYPES = YES;
				CLANG_WARN_SUSPICIOUS_MOVE = YES;
				CLANG_WARN_UNGUARDED_AVAILABILITY = YES_AGGRESSIVE;
				CLANG_WARN_UNREACHABLE_CODE = YES;
				CLANG_WARN__DUPLICATE_METHOD_MATCH = YES;
				COPY_PHASE_STRIP = NO;
				DEBUG_INFORMATION_FORMAT = "dwarf-with-dsym";
				ENABLE_NS_ASSERTIONS = NO;
				ENABLE_STRICT_OBJC_MSGSEND = YES;
				GCC_C_LANGUAGE_STANDARD = gnu11;
				GCC_NO_COMMON_BLOCKS = YES;
				GCC_WARN_64_TO_32_BIT_CONVERSION = YES;
				GCC_WARN_ABOUT_RETURN_TYPE = YES_ERROR;
				GCC_WARN_UNDECLARED_SELECTOR = YES;
				GCC_WARN_UNINITIALIZED_AUTOS = YES_AGGRESSIVE;
				GCC_WARN_UNUSED_FUNCTION = YES;
				GCC_WARN_UNUSED_VARIABLE = YES;
				IPHONEOS_DEPLOYMENT_TARGET = 14.4;
				MTL_ENABLE_DEBUG_INFO = NO;
				MTL_FAST_MATH = YES;
				SDKROOT = iphoneos;
				SWIFT_COMPILATION_MODE = wholemodule;
				SWIFT_OPTIMIZATION_LEVEL = "-O";
				VALIDATE_PRODUCT = YES;
			};
			name = Release;
		};
		EA59B8E025CFA40F0067A837 /* Debug */ = {
			isa = XCBuildConfiguration;
			baseConfigurationReference = 51B14D3007C3B4089538B7FD /* Pods-Animation.debug.xcconfig */;
			buildSettings = {
				ASSETCATALOG_COMPILER_APPICON_NAME = AppIcon;
				ASSETCATALOG_COMPILER_GLOBAL_ACCENT_COLOR_NAME = AccentColor;
				CODE_SIGN_STYLE = Automatic;
				DEVELOPMENT_TEAM = 68663464K3;
				INFOPLIST_FILE = Animation/Info.plist;
				LD_RUNPATH_SEARCH_PATHS = (
					"$(inherited)",
					"@executable_path/Frameworks",
				);
				PRODUCT_BUNDLE_IDENTIFIER = com.doyeon.Animation;
				PRODUCT_NAME = "$(TARGET_NAME)";
				SWIFT_VERSION = 5.0;
				TARGETED_DEVICE_FAMILY = "1,2";
			};
			name = Debug;
		};
		EA59B8E125CFA40F0067A837 /* Release */ = {
			isa = XCBuildConfiguration;
			baseConfigurationReference = D53DF24DB32533B2F4B0A64B /* Pods-Animation.release.xcconfig */;
			buildSettings = {
				ASSETCATALOG_COMPILER_APPICON_NAME = AppIcon;
				ASSETCATALOG_COMPILER_GLOBAL_ACCENT_COLOR_NAME = AccentColor;
				CODE_SIGN_STYLE = Automatic;
				DEVELOPMENT_TEAM = 68663464K3;
				INFOPLIST_FILE = Animation/Info.plist;
				LD_RUNPATH_SEARCH_PATHS = (
					"$(inherited)",
					"@executable_path/Frameworks",
				);
				PRODUCT_BUNDLE_IDENTIFIER = com.doyeon.Animation;
				PRODUCT_NAME = "$(TARGET_NAME)";
				SWIFT_VERSION = 5.0;
				TARGETED_DEVICE_FAMILY = "1,2";
			};
			name = Release;
		};
/* End XCBuildConfiguration section */

/* Begin XCConfigurationList section */
		EA59B8C625CFA3FF0067A837 /* Build configuration list for PBXProject "Animation" */ = {
			isa = XCConfigurationList;
			buildConfigurations = (
				EA59B8DD25CFA40F0067A837 /* Debug */,
				EA59B8DE25CFA40F0067A837 /* Release */,
			);
			defaultConfigurationIsVisible = 0;
			defaultConfigurationName = Release;
		};
		EA59B8DF25CFA40F0067A837 /* Build configuration list for PBXNativeTarget "Animation" */ = {
			isa = XCConfigurationList;
			buildConfigurations = (
				EA59B8E025CFA40F0067A837 /* Debug */,
				EA59B8E125CFA40F0067A837 /* Release */,
			);
			defaultConfigurationIsVisible = 0;
			defaultConfigurationName = Release;
		};
/* End XCConfigurationList section */
	};
	rootObject = EA59B8C325CFA3FF0067A837 /* Project object */;
}
