// !$*UTF8*$!
{
	archiveVersion = 1;
	classes = {
	};
	objectVersion = 50;
	objects = {

/* Begin PBXBuildFile section */
		EAAFD9A224E8F4E900A65BFD /* AppDelegate.swift in Sources */ = {isa = PBXBuildFile; fileRef = EAAFD9A124E8F4E900A65BFD /* AppDelegate.swift */; };
		EAAFD9A424E8F4E900A65BFD /* SceneDelegate.swift in Sources */ = {isa = PBXBuildFile; fileRef = EAAFD9A324E8F4E900A65BFD /* SceneDelegate.swift */; };
		EAAFD9A624E8F4E900A65BFD /* ViewController.swift in Sources */ = {isa = PBXBuildFile; fileRef = EAAFD9A524E8F4E900A65BFD /* ViewController.swift */; };
		EAAFD9A924E8F4E900A65BFD /* Main.storyboard in Resources */ = {isa = PBXBuildFile; fileRef = EAAFD9A724E8F4E900A65BFD /* Main.storyboard */; };
		EAAFD9AB24E8F4EE00A65BFD /* Assets.xcassets in Resources */ = {isa = PBXBuildFile; fileRef = EAAFD9AA24E8F4EE00A65BFD /* Assets.xcassets */; };
		EAAFD9AE24E8F4EE00A65BFD /* LaunchScreen.storyboard in Resources */ = {isa = PBXBuildFile; fileRef = EAAFD9AC24E8F4EE00A65BFD /* LaunchScreen.storyboard */; };
		EAAFD9B624E8F54300A65BFD /* SecondViewController.swift in Sources */ = {isa = PBXBuildFile; fileRef = EAAFD9B524E8F54300A65BFD /* SecondViewController.swift */; };
		EAD67B0824EABB8500AE6083 /* UserInformation.swift in Sources */ = {isa = PBXBuildFile; fileRef = EAD67B0724EABB8500AE6083 /* UserInformation.swift */; };
/* End PBXBuildFile section */

/* Begin PBXFileReference section */
		EAAFD99E24E8F4E900A65BFD /* ViewTransition.app */ = {isa = PBXFileReference; explicitFileType = wrapper.application; includeInIndex = 0; path = ViewTransition.app; sourceTree = BUILT_PRODUCTS_DIR; };
		EAAFD9A124E8F4E900A65BFD /* AppDelegate.swift */ = {isa = PBXFileReference; lastKnownFileType = sourcecode.swift; path = AppDelegate.swift; sourceTree = "<group>"; };
		EAAFD9A324E8F4E900A65BFD /* SceneDelegate.swift */ = {isa = PBXFileReference; lastKnownFileType = sourcecode.swift; path = SceneDelegate.swift; sourceTree = "<group>"; };
		EAAFD9A524E8F4E900A65BFD /* ViewController.swift */ = {isa = PBXFileReference; lastKnownFileType = sourcecode.swift; path = ViewController.swift; sourceTree = "<group>"; };
		EAAFD9A824E8F4E900A65BFD /* Base */ = {isa = PBXFileReference; lastKnownFileType = file.storyboard; name = Base; path = Base.lproj/Main.storyboard; sourceTree = "<group>"; };
		EAAFD9AA24E8F4EE00A65BFD /* Assets.xcassets */ = {isa = PBXFileReference; lastKnownFileType = folder.assetcatalog; path = Assets.xcassets; sourceTree = "<group>"; };
		EAAFD9AD24E8F4EE00A65BFD /* Base */ = {isa = PBXFileReference; lastKnownFileType = file.storyboard; name = Base; path = Base.lproj/LaunchScreen.storyboard; sourceTree = "<group>"; };
		EAAFD9AF24E8F4EE00A65BFD /* Info.plist */ = {isa = PBXFileReference; lastKnownFileType = text.plist.xml; path = Info.plist; sourceTree = "<group>"; };
		EAAFD9B524E8F54300A65BFD /* SecondViewController.swift */ = {isa = PBXFileReference; lastKnownFileType = sourcecode.swift; path = SecondViewController.swift; sourceTree = "<group>"; };
		EAD67B0724EABB8500AE6083 /* UserInformation.swift */ = {isa = PBXFileReference; lastKnownFileType = sourcecode.swift; path = UserInformation.swift; sourceTree = "<group>"; };
/* End PBXFileReference section */

/* Begin PBXFrameworksBuildPhase section */
		EAAFD99B24E8F4E900A65BFD /* Frameworks */ = {
			isa = PBXFrameworksBuildPhase;
			buildActionMask = 2147483647;
			files = (
			);
			runOnlyForDeploymentPostprocessing = 0;
		};
/* End PBXFrameworksBuildPhase section */

/* Begin PBXGroup section */
		EAAFD99524E8F4E900A65BFD = {
			isa = PBXGroup;
			children = (
				EAAFD9A024E8F4E900A65BFD /* ViewTransition */,
				EAAFD99F24E8F4E900A65BFD /* Products */,
			);
			sourceTree = "<group>";
		};
		EAAFD99F24E8F4E900A65BFD /* Products */ = {
			isa = PBXGroup;
			children = (
				EAAFD99E24E8F4E900A65BFD /* ViewTransition.app */,
			);
			name = Products;
			sourceTree = "<group>";
		};
		EAAFD9A024E8F4E900A65BFD /* ViewTransition */ = {
			isa = PBXGroup;
			children = (
				EAAFD9A124E8F4E900A65BFD /* AppDelegate.swift */,
				EAAFD9A324E8F4E900A65BFD /* SceneDelegate.swift */,
				EAAFD9A524E8F4E900A65BFD /* ViewController.swift */,
				EAAFD9A724E8F4E900A65BFD /* Main.storyboard */,
				EAD67B0724EABB8500AE6083 /* UserInformation.swift */,
				EAAFD9B524E8F54300A65BFD /* SecondViewController.swift */,
				EAAFD9AA24E8F4EE00A65BFD /* Assets.xcassets */,
				EAAFD9AC24E8F4EE00A65BFD /* LaunchScreen.storyboard */,
				EAAFD9AF24E8F4EE00A65BFD /* Info.plist */,
			);
			path = ViewTransition;
			sourceTree = "<group>";
		};
/* End PBXGroup section */

/* Begin PBXNativeTarget section */
		EAAFD99D24E8F4E900A65BFD /* ViewTransition */ = {
			isa = PBXNativeTarget;
			buildConfigurationList = EAAFD9B224E8F4EE00A65BFD /* Build configuration list for PBXNativeTarget "ViewTransition" */;
			buildPhases = (
				EAAFD99A24E8F4E900A65BFD /* Sources */,
				EAAFD99B24E8F4E900A65BFD /* Frameworks */,
				EAAFD99C24E8F4E900A65BFD /* Resources */,
			);
			buildRules = (
			);
			dependencies = (
			);
			name = ViewTransition;
			productName = ViewTransition;
			productReference = EAAFD99E24E8F4E900A65BFD /* ViewTransition.app */;
			productType = "com.apple.product-type.application";
		};
/* End PBXNativeTarget section */

/* Begin PBXProject section */
		EAAFD99624E8F4E900A65BFD /* Project object */ = {
			isa = PBXProject;
			attributes = {
				LastSwiftUpdateCheck = 1150;
				LastUpgradeCheck = 1150;
				ORGANIZATIONNAME = "Tony Jung";
				TargetAttributes = {
					EAAFD99D24E8F4E900A65BFD = {
						CreatedOnToolsVersion = 11.5;
					};
				};
			};
			buildConfigurationList = EAAFD99924E8F4E900A65BFD /* Build configuration list for PBXProject "ViewTransition" */;
			compatibilityVersion = "Xcode 9.3";
			developmentRegion = en;
			hasScannedForEncodings = 0;
			knownRegions = (
				en,
				Base,
			);
			mainGroup = EAAFD99524E8F4E900A65BFD;
			productRefGroup = EAAFD99F24E8F4E900A65BFD /* Products */;
			projectDirPath = "";
			projectRoot = "";
			targets = (
				EAAFD99D24E8F4E900A65BFD /* ViewTransition */,
			);
		};
/* End PBXProject section */

/* Begin PBXResourcesBuildPhase section */
		EAAFD99C24E8F4E900A65BFD /* Resources */ = {
			isa = PBXResourcesBuildPhase;
			buildActionMask = 2147483647;
			files = (
				EAAFD9AE24E8F4EE00A65BFD /* LaunchScreen.storyboard in Resources */,
				EAAFD9AB24E8F4EE00A65BFD /* Assets.xcassets in Resources */,
				EAAFD9A924E8F4E900A65BFD /* Main.storyboard in Resources */,
			);
			runOnlyForDeploymentPostprocessing = 0;
		};
/* End PBXResourcesBuildPhase section */

/* Begin PBXSourcesBuildPhase section */
		EAAFD99A24E8F4E900A65BFD /* Sources */ = {
			isa = PBXSourcesBuildPhase;
			buildActionMask = 2147483647;
			files = (
				EAD67B0824EABB8500AE6083 /* UserInformation.swift in Sources */,
				EAAFD9B624E8F54300A65BFD /* SecondViewController.swift in Sources */,
				EAAFD9A624E8F4E900A65BFD /* ViewController.swift in Sources */,
				EAAFD9A224E8F4E900A65BFD /* AppDelegate.swift in Sources */,
				EAAFD9A424E8F4E900A65BFD /* SceneDelegate.swift in Sources */,
			);
			runOnlyForDeploymentPostprocessing = 0;
		};
/* End PBXSourcesBuildPhase section */

/* Begin PBXVariantGroup section */
		EAAFD9A724E8F4E900A65BFD /* Main.storyboard */ = {
			isa = PBXVariantGroup;
			children = (
				EAAFD9A824E8F4E900A65BFD /* Base */,
			);
			name = Main.storyboard;
			sourceTree = "<group>";
		};
		EAAFD9AC24E8F4EE00A65BFD /* LaunchScreen.storyboard */ = {
			isa = PBXVariantGroup;
			children = (
				EAAFD9AD24E8F4EE00A65BFD /* Base */,
			);
			name = LaunchScreen.storyboard;
			sourceTree = "<group>";
		};
/* End PBXVariantGroup section */

/* Begin XCBuildConfiguration section */
		EAAFD9B024E8F4EE00A65BFD /* Debug */ = {
			isa = XCBuildConfiguration;
			buildSettings = {
				ALWAYS_SEARCH_USER_PATHS = NO;
				CLANG_ANALYZER_NONNULL = YES;
				CLANG_ANALYZER_NUMBER_OBJECT_CONVERSION = YES_AGGRESSIVE;
				CLANG_CXX_LANGUAGE_STANDARD = "gnu++14";
				CLANG_CXX_LIBRARY = "libc++";
				CLANG_ENABLE_MODULES = YES;
				CLANG_ENABLE_OBJC_ARC = YES;
				CLANG_ENABLE_OBJC_WEAK = YES;
				CLANG_WARN_BLOCK_CAPTURE_AUTORELEASING = YES;
				CLANG_WARN_BOOL_CONVERSION = YES;
				CLANG_WARN_COMMA = YES;
				CLANG_WARN_CONSTANT_CONVERSION = YES;
				CLANG_WARN_DEPRECATED_OBJC_IMPLEMENTATIONS = YES;
				CLANG_WARN_DIRECT_OBJC_ISA_USAGE = YES_ERROR;
				CLANG_WARN_DOCUMENTATION_COMMENTS = YES;
				CLANG_WARN_EMPTY_BODY = YES;
				CLANG_WARN_ENUM_CONVERSION = YES;
				CLANG_WARN_INFINITE_RECURSION = YES;
				CLANG_WARN_INT_CONVERSION = YES;
				CLANG_WARN_NON_LITERAL_NULL_CONVERSION = YES;
				CLANG_WARN_OBJC_IMPLICIT_RETAIN_SELF = YES;
				CLANG_WARN_OBJC_LITERAL_CONVERSION = YES;
				CLANG_WARN_OBJC_ROOT_CLASS = YES_ERROR;
				CLANG_WARN_RANGE_LOOP_ANALYSIS = YES;
				CLANG_WARN_STRICT_PROTOTYPES = YES;
				CLANG_WARN_SUSPICIOUS_MOVE = YES;
				CLANG_WARN_UNGUARDED_AVAILABILITY = YES_AGGRESSIVE;
				CLANG_WARN_UNREACHABLE_CODE = YES;
				CLANG_WARN__DUPLICATE_METHOD_MATCH = YES;
				COPY_PHASE_STRIP = NO;
				DEBUG_INFORMATION_FORMAT = dwarf;
				ENABLE_STRICT_OBJC_MSGSEND = YES;
				ENABLE_TESTABILITY = YES;
				GCC_C_LANGUAGE_STANDARD = gnu11;
				GCC_DYNAMIC_NO_PIC = NO;
				GCC_NO_COMMON_BLOCKS = YES;
				GCC_OPTIMIZATION_LEVEL = 0;
				GCC_PREPROCESSOR_DEFINITIONS = (
					"DEBUG=1",
					"$(inherited)",
				);
				GCC_WARN_64_TO_32_BIT_CONVERSION = YES;
				GCC_WARN_ABOUT_RETURN_TYPE = YES_ERROR;
				GCC_WARN_UNDECLARED_SELECTOR = YES;
				GCC_WARN_UNINITIALIZED_AUTOS = YES_AGGRESSIVE;
				GCC_WARN_UNUSED_FUNCTION = YES;
				GCC_WARN_UNUSED_VARIABLE = YES;
				IPHONEOS_DEPLOYMENT_TARGET = 13.5;
				MTL_ENABLE_DEBUG_INFO = INCLUDE_SOURCE;
				MTL_FAST_MATH = YES;
				ONLY_ACTIVE_ARCH = YES;
				SDKROOT = iphoneos;
				SWIFT_ACTIVE_COMPILATION_CONDITIONS = DEBUG;
				SWIFT_OPTIMIZATION_LEVEL = "-Onone";
			};
			name = Debug;
		};
		EAAFD9B124E8F4EE00A65BFD /* Release */ = {
			isa = XCBuildConfiguration;
			buildSettings = {
				ALWAYS_SEARCH_USER_PATHS = NO;
				CLANG_ANALYZER_NONNULL = YES;
				CLANG_ANALYZER_NUMBER_OBJECT_CONVERSION = YES_AGGRESSIVE;
				CLANG_CXX_LANGUAGE_STANDARD = "gnu++14";
				CLANG_CXX_LIBRARY = "libc++";
				CLANG_ENABLE_MODULES = YES;
				CLANG_ENABLE_OBJC_ARC = YES;
				CLANG_ENABLE_OBJC_WEAK = YES;
				CLANG_WARN_BLOCK_CAPTURE_AUTORELEASING = YES;
				CLANG_WARN_BOOL_CONVERSION = YES;
				CLANG_WARN_COMMA = YES;
				CLANG_WARN_CONSTANT_CONVERSION = YES;
				CLANG_WARN_DEPRECATED_OBJC_IMPLEMENTATIONS = YES;
				CLANG_WARN_DIRECT_OBJC_ISA_USAGE = YES_ERROR;
				CLANG_WARN_DOCUMENTATION_COMMENTS = YES;
				CLANG_WARN_EMPTY_BODY = YES;
				CLANG_WARN_ENUM_CONVERSION = YES;
				CLANG_WARN_INFINITE_RECURSION = YES;
				CLANG_WARN_INT_CONVERSION = YES;
				CLANG_WARN_NON_LITERAL_NULL_CONVERSION = YES;
				CLANG_WARN_OBJC_IMPLICIT_RETAIN_SELF = YES;
				CLANG_WARN_OBJC_LITERAL_CONVERSION = YES;
				CLANG_WARN_OBJC_ROOT_CLASS = YES_ERROR;
				CLANG_WARN_RANGE_LOOP_ANALYSIS = YES;
				CLANG_WARN_STRICT_PROTOTYPES = YES;
				CLANG_WARN_SUSPICIOUS_MOVE = YES;
				CLANG_WARN_UNGUARDED_AVAILABILITY = YES_AGGRESSIVE;
				CLANG_WARN_UNREACHABLE_CODE = YES;
				CLANG_WARN__DUPLICATE_METHOD_MATCH = YES;
				COPY_PHASE_STRIP = NO;
				DEBUG_INFORMATION_FORMAT = "dwarf-with-dsym";
				ENABLE_NS_ASSERTIONS = NO;
				ENABLE_STRICT_OBJC_MSGSEND = YES;
				GCC_C_LANGUAGE_STANDARD = gnu11;
				GCC_NO_COMMON_BLOCKS = YES;
				GCC_WARN_64_TO_32_BIT_CONVERSION = YES;
				GCC_WARN_ABOUT_RETURN_TYPE = YES_ERROR;
				GCC_WARN_UNDECLARED_SELECTOR = YES;
				GCC_WARN_UNINITIALIZED_AUTOS = YES_AGGRESSIVE;
				GCC_WARN_UNUSED_FUNCTION = YES;
				GCC_WARN_UNUSED_VARIABLE = YES;
				IPHONEOS_DEPLOYMENT_TARGET = 13.5;
				MTL_ENABLE_DEBUG_INFO = NO;
				MTL_FAST_MATH = YES;
				SDKROOT = iphoneos;
				SWIFT_COMPILATION_MODE = wholemodule;
				SWIFT_OPTIMIZATION_LEVEL = "-O";
				VALIDATE_PRODUCT = YES;
			};
			name = Release;
		};
		EAAFD9B324E8F4EE00A65BFD /* Debug */ = {
			isa = XCBuildConfiguration;
			buildSettings = {
				ASSETCATALOG_COMPILER_APPICON_NAME = AppIcon;
				CODE_SIGN_STYLE = Automatic;
				INFOPLIST_FILE = ViewTransition/Info.plist;
				LD_RUNPATH_SEARCH_PATHS = (
					"$(inherited)",
					"@executable_path/Frameworks",
				);
				PRODUCT_BUNDLE_IDENTIFIER = com.doyeon.ViewTransition;
				PRODUCT_NAME = "$(TARGET_NAME)";
				SWIFT_VERSION = 5.0;
				TARGETED_DEVICE_FAMILY = "1,2";
			};
			name = Debug;
		};
		EAAFD9B424E8F4EE00A65BFD /* Release */ = {
			isa = XCBuildConfiguration;
			buildSettings = {
				ASSETCATALOG_COMPILER_APPICON_NAME = AppIcon;
				CODE_SIGN_STYLE = Automatic;
				INFOPLIST_FILE = ViewTransition/Info.plist;
				LD_RUNPATH_SEARCH_PATHS = (
					"$(inherited)",
					"@executable_path/Frameworks",
				);
				PRODUCT_BUNDLE_IDENTIFIER = com.doyeon.ViewTransition;
				PRODUCT_NAME = "$(TARGET_NAME)";
				SWIFT_VERSION = 5.0;
				TARGETED_DEVICE_FAMILY = "1,2";
			};
			name = Release;
		};
/* End XCBuildConfiguration section */

/* Begin XCConfigurationList section */
		EAAFD99924E8F4E900A65BFD /* Build configuration list for PBXProject "ViewTransition" */ = {
			isa = XCConfigurationList;
			buildConfigurations = (
				EAAFD9B024E8F4EE00A65BFD /* Debug */,
				EAAFD9B124E8F4EE00A65BFD /* Release */,
			);
			defaultConfigurationIsVisible = 0;
			defaultConfigurationName = Release;
		};
		EAAFD9B224E8F4EE00A65BFD /* Build configuration list for PBXNativeTarget "ViewTransition" */ = {
			isa = XCConfigurationList;
			buildConfigurations = (
				EAAFD9B324E8F4EE00A65BFD /* Debug */,
				EAAFD9B424E8F4EE00A65BFD /* Release */,
			);
			defaultConfigurationIsVisible = 0;
			defaultConfigurationName = Release;
		};
/* End XCConfigurationList section */
	};
	rootObject = EAAFD99624E8F4E900A65BFD /* Project object */;
}
