// !$*UTF8*$!
{
	archiveVersion = 1;
	classes = {
	};
	objectVersion = 50;
	objects = {

/* Begin PBXBuildFile section */
		753FA6BF32A0D864D716E588 /* Pods_Firestore.framework in Frameworks */ = {isa = PBXBuildFile; fileRef = A55E7C35182324E886008CD3 /* Pods_Firestore.framework */; };
		EA732F7F2552752E00E1C8B5 /* AppDelegate.swift in Sources */ = {isa = PBXBuildFile; fileRef = EA732F7E2552752E00E1C8B5 /* AppDelegate.swift */; };
		EA732F812552752E00E1C8B5 /* SceneDelegate.swift in Sources */ = {isa = PBXBuildFile; fileRef = EA732F802552752E00E1C8B5 /* SceneDelegate.swift */; };
		EA732F832552752F00E1C8B5 /* ViewController.swift in Sources */ = {isa = PBXBuildFile; fileRef = EA732F822552752F00E1C8B5 /* ViewController.swift */; };
		EA732F862552752F00E1C8B5 /* Main.storyboard in Resources */ = {isa = PBXBuildFile; fileRef = EA732F842552752F00E1C8B5 /* Main.storyboard */; };
		EA732F882552753300E1C8B5 /* Assets.xcassets in Resources */ = {isa = PBXBuildFile; fileRef = EA732F872552753300E1C8B5 /* Assets.xcassets */; };
		EA732F8B2552753300E1C8B5 /* LaunchScreen.storyboard in Resources */ = {isa = PBXBuildFile; fileRef = EA732F892552753300E1C8B5 /* LaunchScreen.storyboard */; };
		EA732F98255275B500E1C8B5 /* GoogleService-Info.plist in Resources */ = {isa = PBXBuildFile; fileRef = EA732F97255275B500E1C8B5 /* GoogleService-Info.plist */; };
/* End PBXBuildFile section */

/* Begin PBXFileReference section */
		196994123CBFD175A34B1D90 /* Pods-Firestore.release.xcconfig */ = {isa = PBXFileReference; includeInIndex = 1; lastKnownFileType = text.xcconfig; name = "Pods-Firestore.release.xcconfig"; path = "Target Support Files/Pods-Firestore/Pods-Firestore.release.xcconfig"; sourceTree = "<group>"; };
		97E7433589559A72AB9FF74A /* Pods-Firestore.debug.xcconfig */ = {isa = PBXFileReference; includeInIndex = 1; lastKnownFileType = text.xcconfig; name = "Pods-Firestore.debug.xcconfig"; path = "Target Support Files/Pods-Firestore/Pods-Firestore.debug.xcconfig"; sourceTree = "<group>"; };
		A55E7C35182324E886008CD3 /* Pods_Firestore.framework */ = {isa = PBXFileReference; explicitFileType = wrapper.framework; includeInIndex = 0; path = Pods_Firestore.framework; sourceTree = BUILT_PRODUCTS_DIR; };
		EA732F7B2552752E00E1C8B5 /* Firestore.app */ = {isa = PBXFileReference; explicitFileType = wrapper.application; includeInIndex = 0; path = Firestore.app; sourceTree = BUILT_PRODUCTS_DIR; };
		EA732F7E2552752E00E1C8B5 /* AppDelegate.swift */ = {isa = PBXFileReference; lastKnownFileType = sourcecode.swift; path = AppDelegate.swift; sourceTree = "<group>"; };
		EA732F802552752E00E1C8B5 /* SceneDelegate.swift */ = {isa = PBXFileReference; lastKnownFileType = sourcecode.swift; path = SceneDelegate.swift; sourceTree = "<group>"; };
		EA732F822552752F00E1C8B5 /* ViewController.swift */ = {isa = PBXFileReference; lastKnownFileType = sourcecode.swift; path = ViewController.swift; sourceTree = "<group>"; };
		EA732F852552752F00E1C8B5 /* Base */ = {isa = PBXFileReference; lastKnownFileType = file.storyboard; name = Base; path = Base.lproj/Main.storyboard; sourceTree = "<group>"; };
		EA732F872552753300E1C8B5 /* Assets.xcassets */ = {isa = PBXFileReference; lastKnownFileType = folder.assetcatalog; path = Assets.xcassets; sourceTree = "<group>"; };
		EA732F8A2552753300E1C8B5 /* Base */ = {isa = PBXFileReference; lastKnownFileType = file.storyboard; name = Base; path = Base.lproj/LaunchScreen.storyboard; sourceTree = "<group>"; };
		EA732F8C2552753300E1C8B5 /* Info.plist */ = {isa = PBXFileReference; lastKnownFileType = text.plist.xml; path = Info.plist; sourceTree = "<group>"; };
		EA732F97255275B500E1C8B5 /* GoogleService-Info.plist */ = {isa = PBXFileReference; fileEncoding = 4; lastKnownFileType = text.plist.xml; name = "GoogleService-Info.plist"; path = "../../../../Downloads/GoogleService-Info.plist"; sourceTree = "<group>"; };
/* End PBXFileReference section */

/* Begin PBXFrameworksBuildPhase section */
		EA732F782552752E00E1C8B5 /* Frameworks */ = {
			isa = PBXFrameworksBuildPhase;
			buildActionMask = 2147483647;
			files = (
				753FA6BF32A0D864D716E588 /* Pods_Firestore.framework in Frameworks */,
			);
			runOnlyForDeploymentPostprocessing = 0;
		};
/* End PBXFrameworksBuildPhase section */

/* Begin PBXGroup section */
		346C4E76CDCC5B835651EE26 /* Pods */ = {
			isa = PBXGroup;
			children = (
				97E7433589559A72AB9FF74A /* Pods-Firestore.debug.xcconfig */,
				196994123CBFD175A34B1D90 /* Pods-Firestore.release.xcconfig */,
			);
			name = Pods;
			path = Pods;
			sourceTree = "<group>";
		};
		BFFC90F421C35E3707D537E0 /* Frameworks */ = {
			isa = PBXGroup;
			children = (
				A55E7C35182324E886008CD3 /* Pods_Firestore.framework */,
			);
			name = Frameworks;
			sourceTree = "<group>";
		};
		EA732F722552752E00E1C8B5 = {
			isa = PBXGroup;
			children = (
				EA732F7D2552752E00E1C8B5 /* Firestore */,
				EA732F7C2552752E00E1C8B5 /* Products */,
				346C4E76CDCC5B835651EE26 /* Pods */,
				BFFC90F421C35E3707D537E0 /* Frameworks */,
			);
			sourceTree = "<group>";
		};
		EA732F7C2552752E00E1C8B5 /* Products */ = {
			isa = PBXGroup;
			children = (
				EA732F7B2552752E00E1C8B5 /* Firestore.app */,
			);
			name = Products;
			sourceTree = "<group>";
		};
		EA732F7D2552752E00E1C8B5 /* Firestore */ = {
			isa = PBXGroup;
			children = (
				EA732F7E2552752E00E1C8B5 /* AppDelegate.swift */,
				EA732F802552752E00E1C8B5 /* SceneDelegate.swift */,
				EA732F822552752F00E1C8B5 /* ViewController.swift */,
				EA732F842552752F00E1C8B5 /* Main.storyboard */,
				EA732F872552753300E1C8B5 /* Assets.xcassets */,
				EA732F892552753300E1C8B5 /* LaunchScreen.storyboard */,
				EA732F8C2552753300E1C8B5 /* Info.plist */,
				EA732F97255275B500E1C8B5 /* GoogleService-Info.plist */,
			);
			path = Firestore;
			sourceTree = "<group>";
		};
/* End PBXGroup section */

/* Begin PBXNativeTarget section */
		EA732F7A2552752E00E1C8B5 /* Firestore */ = {
			isa = PBXNativeTarget;
			buildConfigurationList = EA732F8F2552753300E1C8B5 /* Build configuration list for PBXNativeTarget "Firestore" */;
			buildPhases = (
				1133AADC24471CCD91CE0489 /* [CP] Check Pods Manifest.lock */,
				EA732F772552752E00E1C8B5 /* Sources */,
				EA732F782552752E00E1C8B5 /* Frameworks */,
				EA732F792552752E00E1C8B5 /* Resources */,
				453C591CF78E82D7DED2DE32 /* [CP] Embed Pods Frameworks */,
			);
			buildRules = (
			);
			dependencies = (
			);
			name = Firestore;
			productName = Firestore;
			productReference = EA732F7B2552752E00E1C8B5 /* Firestore.app */;
			productType = "com.apple.product-type.application";
		};
/* End PBXNativeTarget section */

/* Begin PBXProject section */
		EA732F732552752E00E1C8B5 /* Project object */ = {
			isa = PBXProject;
			attributes = {
				LastSwiftUpdateCheck = 1210;
				LastUpgradeCheck = 1210;
				TargetAttributes = {
					EA732F7A2552752E00E1C8B5 = {
						CreatedOnToolsVersion = 12.1;
					};
				};
			};
			buildConfigurationList = EA732F762552752E00E1C8B5 /* Build configuration list for PBXProject "Firestore" */;
			compatibilityVersion = "Xcode 9.3";
			developmentRegion = en;
			hasScannedForEncodings = 0;
			knownRegions = (
				en,
				Base,
			);
			mainGroup = EA732F722552752E00E1C8B5;
			productRefGroup = EA732F7C2552752E00E1C8B5 /* Products */;
			projectDirPath = "";
			projectRoot = "";
			targets = (
				EA732F7A2552752E00E1C8B5 /* Firestore */,
			);
		};
/* End PBXProject section */

/* Begin PBXResourcesBuildPhase section */
		EA732F792552752E00E1C8B5 /* Resources */ = {
			isa = PBXResourcesBuildPhase;
			buildActionMask = 2147483647;
			files = (
				EA732F8B2552753300E1C8B5 /* LaunchScreen.storyboard in Resources */,
				EA732F98255275B500E1C8B5 /* GoogleService-Info.plist in Resources */,
				EA732F882552753300E1C8B5 /* Assets.xcassets in Resources */,
				EA732F862552752F00E1C8B5 /* Main.storyboard in Resources */,
			);
			runOnlyForDeploymentPostprocessing = 0;
		};
/* End PBXResourcesBuildPhase section */

/* Begin PBXShellScriptBuildPhase section */
		1133AADC24471CCD91CE0489 /* [CP] Check Pods Manifest.lock */ = {
			isa = PBXShellScriptBuildPhase;
			buildActionMask = 2147483647;
			files = (
			);
			inputFileListPaths = (
			);
			inputPaths = (
				"${PODS_PODFILE_DIR_PATH}/Podfile.lock",
				"${PODS_ROOT}/Manifest.lock",
			);
			name = "[CP] Check Pods Manifest.lock";
			outputFileListPaths = (
			);
			outputPaths = (
				"$(DERIVED_FILE_DIR)/Pods-Firestore-checkManifestLockResult.txt",
			);
			runOnlyForDeploymentPostprocessing = 0;
			shellPath = /bin/sh;
			shellScript = "diff \"${PODS_PODFILE_DIR_PATH}/Podfile.lock\" \"${PODS_ROOT}/Manifest.lock\" > /dev/null\nif [ $? != 0 ] ; then\n    # print error to STDERR\n    echo \"error: The sandbox is not in sync with the Podfile.lock. Run 'pod install' or update your CocoaPods installation.\" >&2\n    exit 1\nfi\n# This output is used by Xcode 'outputs' to avoid re-running this script phase.\necho \"SUCCESS\" > \"${SCRIPT_OUTPUT_FILE_0}\"\n";
			showEnvVarsInLog = 0;
		};
		453C591CF78E82D7DED2DE32 /* [CP] Embed Pods Frameworks */ = {
			isa = PBXShellScriptBuildPhase;
			buildActionMask = 2147483647;
			files = (
			);
			inputFileListPaths = (
				"${PODS_ROOT}/Target Support Files/Pods-Firestore/Pods-Firestore-frameworks-${CONFIGURATION}-input-files.xcfilelist",
			);
			name = "[CP] Embed Pods Frameworks";
			outputFileListPaths = (
				"${PODS_ROOT}/Target Support Files/Pods-Firestore/Pods-Firestore-frameworks-${CONFIGURATION}-output-files.xcfilelist",
			);
			runOnlyForDeploymentPostprocessing = 0;
			shellPath = /bin/sh;
			shellScript = "\"${PODS_ROOT}/Target Support Files/Pods-Firestore/Pods-Firestore-frameworks.sh\"\n";
			showEnvVarsInLog = 0;
		};
/* End PBXShellScriptBuildPhase section */

/* Begin PBXSourcesBuildPhase section */
		EA732F772552752E00E1C8B5 /* Sources */ = {
			isa = PBXSourcesBuildPhase;
			buildActionMask = 2147483647;
			files = (
				EA732F832552752F00E1C8B5 /* ViewController.swift in Sources */,
				EA732F7F2552752E00E1C8B5 /* AppDelegate.swift in Sources */,
				EA732F812552752E00E1C8B5 /* SceneDelegate.swift in Sources */,
			);
			runOnlyForDeploymentPostprocessing = 0;
		};
/* End PBXSourcesBuildPhase section */

/* Begin PBXVariantGroup section */
		EA732F842552752F00E1C8B5 /* Main.storyboard */ = {
			isa = PBXVariantGroup;
			children = (
				EA732F852552752F00E1C8B5 /* Base */,
			);
			name = Main.storyboard;
			sourceTree = "<group>";
		};
		EA732F892552753300E1C8B5 /* LaunchScreen.storyboard */ = {
			isa = PBXVariantGroup;
			children = (
				EA732F8A2552753300E1C8B5 /* Base */,
			);
			name = LaunchScreen.storyboard;
			sourceTree = "<group>";
		};
/* End PBXVariantGroup section */

/* Begin XCBuildConfiguration section */
		EA732F8D2552753300E1C8B5 /* Debug */ = {
			isa = XCBuildConfiguration;
			buildSettings = {
				ALWAYS_SEARCH_USER_PATHS = NO;
				CLANG_ANALYZER_NONNULL = YES;
				CLANG_ANALYZER_NUMBER_OBJECT_CONVERSION = YES_AGGRESSIVE;
				CLANG_CXX_LANGUAGE_STANDARD = "gnu++14";
				CLANG_CXX_LIBRARY = "libc++";
				CLANG_ENABLE_MODULES = YES;
				CLANG_ENABLE_OBJC_ARC = YES;
				CLANG_ENABLE_OBJC_WEAK = YES;
				CLANG_WARN_BLOCK_CAPTURE_AUTORELEASING = YES;
				CLANG_WARN_BOOL_CONVERSION = YES;
				CLANG_WARN_COMMA = YES;
				CLANG_WARN_CONSTANT_CONVERSION = YES;
				CLANG_WARN_DEPRECATED_OBJC_IMPLEMENTATIONS = YES;
				CLANG_WARN_DIRECT_OBJC_ISA_USAGE = YES_ERROR;
				CLANG_WARN_DOCUMENTATION_COMMENTS = YES;
				CLANG_WARN_EMPTY_BODY = YES;
				CLANG_WARN_ENUM_CONVERSION = YES;
				CLANG_WARN_INFINITE_RECURSION = YES;
				CLANG_WARN_INT_CONVERSION = YES;
				CLANG_WARN_NON_LITERAL_NULL_CONVERSION = YES;
				CLANG_WARN_OBJC_IMPLICIT_RETAIN_SELF = YES;
				CLANG_WARN_OBJC_LITERAL_CONVERSION = YES;
				CLANG_WARN_OBJC_ROOT_CLASS = YES_ERROR;
				CLANG_WARN_QUOTED_INCLUDE_IN_FRAMEWORK_HEADER = YES;
				CLANG_WARN_RANGE_LOOP_ANALYSIS = YES;
				CLANG_WARN_STRICT_PROTOTYPES = YES;
				CLANG_WARN_SUSPICIOUS_MOVE = YES;
				CLANG_WARN_UNGUARDED_AVAILABILITY = YES_AGGRESSIVE;
				CLANG_WARN_UNREACHABLE_CODE = YES;
				CLANG_WARN__DUPLICATE_METHOD_MATCH = YES;
				COPY_PHASE_STRIP = NO;
				DEBUG_INFORMATION_FORMAT = dwarf;
				ENABLE_STRICT_OBJC_MSGSEND = YES;
				ENABLE_TESTABILITY = YES;
				GCC_C_LANGUAGE_STANDARD = gnu11;
				GCC_DYNAMIC_NO_PIC = NO;
				GCC_NO_COMMON_BLOCKS = YES;
				GCC_OPTIMIZATION_LEVEL = 0;
				GCC_PREPROCESSOR_DEFINITIONS = (
					"DEBUG=1",
					"$(inherited)",
				);
				GCC_WARN_64_TO_32_BIT_CONVERSION = YES;
				GCC_WARN_ABOUT_RETURN_TYPE = YES_ERROR;
				GCC_WARN_UNDECLARED_SELECTOR = YES;
				GCC_WARN_UNINITIALIZED_AUTOS = YES_AGGRESSIVE;
				GCC_WARN_UNUSED_FUNCTION = YES;
				GCC_WARN_UNUSED_VARIABLE = YES;
				IPHONEOS_DEPLOYMENT_TARGET = 14.1;
				MTL_ENABLE_DEBUG_INFO = INCLUDE_SOURCE;
				MTL_FAST_MATH = YES;
				ONLY_ACTIVE_ARCH = YES;
				SDKROOT = iphoneos;
				SWIFT_ACTIVE_COMPILATION_CONDITIONS = DEBUG;
				SWIFT_OPTIMIZATION_LEVEL = "-Onone";
			};
			name = Debug;
		};
		EA732F8E2552753300E1C8B5 /* Release */ = {
			isa = XCBuildConfiguration;
			buildSettings = {
				ALWAYS_SEARCH_USER_PATHS = NO;
				CLANG_ANALYZER_NONNULL = YES;
				CLANG_ANALYZER_NUMBER_OBJECT_CONVERSION = YES_AGGRESSIVE;
				CLANG_CXX_LANGUAGE_STANDARD = "gnu++14";
				CLANG_CXX_LIBRARY = "libc++";
				CLANG_ENABLE_MODULES = YES;
				CLANG_ENABLE_OBJC_ARC = YES;
				CLANG_ENABLE_OBJC_WEAK = YES;
				CLANG_WARN_BLOCK_CAPTURE_AUTORELEASING = YES;
				CLANG_WARN_BOOL_CONVERSION = YES;
				CLANG_WARN_COMMA = YES;
				CLANG_WARN_CONSTANT_CONVERSION = YES;
				CLANG_WARN_DEPRECATED_OBJC_IMPLEMENTATIONS = YES;
				CLANG_WARN_DIRECT_OBJC_ISA_USAGE = YES_ERROR;
				CLANG_WARN_DOCUMENTATION_COMMENTS = YES;
				CLANG_WARN_EMPTY_BODY = YES;
				CLANG_WARN_ENUM_CONVERSION = YES;
				CLANG_WARN_INFINITE_RECURSION = YES;
				CLANG_WARN_INT_CONVERSION = YES;
				CLANG_WARN_NON_LITERAL_NULL_CONVERSION = YES;
				CLANG_WARN_OBJC_IMPLICIT_RETAIN_SELF = YES;
				CLANG_WARN_OBJC_LITERAL_CONVERSION = YES;
				CLANG_WARN_OBJC_ROOT_CLASS = YES_ERROR;
				CLANG_WARN_QUOTED_INCLUDE_IN_FRAMEWORK_HEADER = YES;
				CLANG_WARN_RANGE_LOOP_ANALYSIS = YES;
				CLANG_WARN_STRICT_PROTOTYPES = YES;
				CLANG_WARN_SUSPICIOUS_MOVE = YES;
				CLANG_WARN_UNGUARDED_AVAILABILITY = YES_AGGRESSIVE;
				CLANG_WARN_UNREACHABLE_CODE = YES;
				CLANG_WARN__DUPLICATE_METHOD_MATCH = YES;
				COPY_PHASE_STRIP = NO;
				DEBUG_INFORMATION_FORMAT = "dwarf-with-dsym";
				ENABLE_NS_ASSERTIONS = NO;
				ENABLE_STRICT_OBJC_MSGSEND = YES;
				GCC_C_LANGUAGE_STANDARD = gnu11;
				GCC_NO_COMMON_BLOCKS = YES;
				GCC_WARN_64_TO_32_BIT_CONVERSION = YES;
				GCC_WARN_ABOUT_RETURN_TYPE = YES_ERROR;
				GCC_WARN_UNDECLARED_SELECTOR = YES;
				GCC_WARN_UNINITIALIZED_AUTOS = YES_AGGRESSIVE;
				GCC_WARN_UNUSED_FUNCTION = YES;
				GCC_WARN_UNUSED_VARIABLE = YES;
				IPHONEOS_DEPLOYMENT_TARGET = 14.1;
				MTL_ENABLE_DEBUG_INFO = NO;
				MTL_FAST_MATH = YES;
				SDKROOT = iphoneos;
				SWIFT_COMPILATION_MODE = wholemodule;
				SWIFT_OPTIMIZATION_LEVEL = "-O";
				VALIDATE_PRODUCT = YES;
			};
			name = Release;
		};
		EA732F902552753300E1C8B5 /* Debug */ = {
			isa = XCBuildConfiguration;
			baseConfigurationReference = 97E7433589559A72AB9FF74A /* Pods-Firestore.debug.xcconfig */;
			buildSettings = {
				ASSETCATALOG_COMPILER_APPICON_NAME = AppIcon;
				ASSETCATALOG_COMPILER_GLOBAL_ACCENT_COLOR_NAME = AccentColor;
				CODE_SIGN_STYLE = Automatic;
				INFOPLIST_FILE = Firestore/Info.plist;
				LD_RUNPATH_SEARCH_PATHS = (
					"$(inherited)",
					"@executable_path/Frameworks",
				);
				PRODUCT_BUNDLE_IDENTIFIER = com.doyeon.Firestore;
				PRODUCT_NAME = "$(TARGET_NAME)";
				SWIFT_VERSION = 5.0;
				TARGETED_DEVICE_FAMILY = "1,2";
			};
			name = Debug;
		};
		EA732F912552753300E1C8B5 /* Release */ = {
			isa = XCBuildConfiguration;
			baseConfigurationReference = 196994123CBFD175A34B1D90 /* Pods-Firestore.release.xcconfig */;
			buildSettings = {
				ASSETCATALOG_COMPILER_APPICON_NAME = AppIcon;
				ASSETCATALOG_COMPILER_GLOBAL_ACCENT_COLOR_NAME = AccentColor;
				CODE_SIGN_STYLE = Automatic;
				INFOPLIST_FILE = Firestore/Info.plist;
				LD_RUNPATH_SEARCH_PATHS = (
					"$(inherited)",
					"@executable_path/Frameworks",
				);
				PRODUCT_BUNDLE_IDENTIFIER = com.doyeon.Firestore;
				PRODUCT_NAME = "$(TARGET_NAME)";
				SWIFT_VERSION = 5.0;
				TARGETED_DEVICE_FAMILY = "1,2";
			};
			name = Release;
		};
/* End XCBuildConfiguration section */

/* Begin XCConfigurationList section */
		EA732F762552752E00E1C8B5 /* Build configuration list for PBXProject "Firestore" */ = {
			isa = XCConfigurationList;
			buildConfigurations = (
				EA732F8D2552753300E1C8B5 /* Debug */,
				EA732F8E2552753300E1C8B5 /* Release */,
			);
			defaultConfigurationIsVisible = 0;
			defaultConfigurationName = Release;
		};
		EA732F8F2552753300E1C8B5 /* Build configuration list for PBXNativeTarget "Firestore" */ = {
			isa = XCConfigurationList;
			buildConfigurations = (
				EA732F902552753300E1C8B5 /* Debug */,
				EA732F912552753300E1C8B5 /* Release */,
			);
			defaultConfigurationIsVisible = 0;
			defaultConfigurationName = Release;
		};
/* End XCConfigurationList section */
	};
	rootObject = EA732F732552752E00E1C8B5 /* Project object */;
}
